// !$*UTF8*$!
{
	archiveVersion = 1;
	classes = {
	};
	objectVersion = 56;
	objects = {

/* Begin PBXBuildFile section */
		59C53DFF58BD4432898843E0 = {isa = PBXBuildFile; fileRef = BC18803C2A524B94A40EF90D; };
		3B310AEA0619480E98F619C1 = {isa = PBXBuildFile; fileRef = 2C1A30784CE64FB7BECE9FE2; };
		A3A109C5467746898B659D26 = {isa = PBXBuildFile; fileRef = 3A5CC64E180D4F869BE3B75B; };
		8AD00DE0A70942899A1AE67F = {isa = PBXBuildFile; fileRef = 6FD27D66BD1E404DA9A09F2A; };
		C749DB4A644D462DA58243B7 = {isa = PBXBuildFile; fileRef = 4FD86002136E4045B1CEE2C3; };
		F9159EB501684CAF9A069D67 = {isa = PBXBuildFile; fileRef = 20237F170A274C458F4F4CF1; };
		1ECB6F7A86E942F494D3E3C0 = {isa = PBXBuildFile; fileRef = 0E24924D2FA54503AF34D6DC; };
		2F8D2BBA3BFE454CB15CD921 = {isa = PBXBuildFile; fileRef = B3D0181507014A6181A8F781; };
		701733C104D04A26AB878197 = {isa = PBXBuildFile; fileRef = 2B99E7273CCA4D8D99A670E0; };
		3294663867C841368ECA8B3C = {isa = PBXBuildFile; fileRef = 52AA2EBEA26E4D09A3E6DD57; };
		F4E16B585C4F4BDBBB39EC07 = {isa = PBXBuildFile; fileRef = 7355DE68FECD4928BA239F59; };
		89A34880303243DCBE50CFFB = {isa = PBXBuildFile; fileRef = 1552DAFB54CE417393859D52; };
		283BAD64B48C426DA0D5DA01 = {isa = PBXBuildFile; fileRef = FA1CB01724D348FBB2BAEE94; };
		4B5B9BB22BDD4061A0FDA382 = {isa = PBXBuildFile; fileRef = CD004914EED948D9A8B8CBA3; };
		2B29F9C2BA1A4D9D93B54372 = {isa = PBXBuildFile; fileRef = 87D48108DD9D44F9BE635482; };
		64DA214542334772B78C972B = {isa = PBXBuildFile; fileRef = DA4AC424733845B79528DFBE; };
		2206DB0D1C6A4799862F979D = {isa = PBXBuildFile; fileRef = 0D94C9E0278D4DD690DEB04D; };
		9377572DB21B4936B3E2EFC2 = {isa = PBXBuildFile; fileRef = D268D84EF73F47B0B42B1C42; };
		27C6E43982864AE190694539 = {isa = PBXBuildFile; fileRef = 5DD37A56DA6A46C5BBF95743; };
		4F456FD16F9D434D8F6F0869 = {isa = PBXBuildFile; fileRef = 860DD82896E0439A81833B41; };
		4AE3E7F5A21A4C25BB124398 = {isa = PBXBuildFile; fileRef = D682518C2C4843B79944F8E3; };
		A6E91DB67EB948B68FE9476C = {isa = PBXBuildFile; fileRef = 0A2F398DD18C4F3B922511F2; };
		FE5852DE42714021A09BE106 = {isa = PBXBuildFile; fileRef = 76A1D00EB6DD41A18DF34C67; };
		8D928D85F9D548DF9298002B = {isa = PBXBuildFile; fileRef = 2C1A74118A354B4E9DDFD2DB; };
		E1A2C850C381417DA4C5ADF9 = {isa = PBXBuildFile; fileRef = 3E87B3110BAA496CA83B4BC8; };
		73B65C84F71E4FA086D086AE = {isa = PBXBuildFile; fileRef = 1AD8D9232A0145D3B0F2402D; };
		A786C9DE19FA4D1487DE4F98 = {isa = PBXBuildFile; fileRef = 963FACB149DF45D4AFB49D39; };
		B7BC600F35724D1C8629A729 = {isa = PBXBuildFile; fileRef = 5E13E6D7376542478C912FB6; };
		4353C4D41A2E4ABC86827CC3 = {isa = PBXBuildFile; fileRef = 5D936449EAFB4A499E4D212C; };
		055D7DD0B501473A9AB3A7B9 = {isa = PBXBuildFile; fileRef = 765EA9EDAF304225AFFD2246; };
		7594599586A4431A9EFBBBD1 = {isa = PBXBuildFile; fileRef = E07BFA999CED4F45ABA5ADD3; };
		12DB0D105499413A81C5AA50 = {isa = PBXBuildFile; fileRef = 2E62E566E59549F8AAE4BCC9; };
		94200ABCD94E4432A0A2A0F3 = {isa = PBXBuildFile; fileRef = EDC2717A6CC74B77A45EE4C0; };
		34A0147F7CD9450EB5769088 = {isa = PBXBuildFile; fileRef = 5771B209D94E4476B9E2C9B7; };
		65C6E95CB2F64357BC261A9F = {isa = PBXBuildFile; fileRef = 953BAB76F8FD4EC0AA338C9F; };
		04D4F1FE67724D5DBB347109 = {isa = PBXBuildFile; fileRef = 78699C9FE38744C38782B556; };
		4EB941CF1DAE4141BFD8C8D5 = {isa = PBXBuildFile; fileRef = D94A4799B2BA44D990F8E537; };
		637606602684428DB6050567 = {isa = PBXBuildFile; fileRef = 03E12BECED374B33BBDACB99; };
		0B62A8F3F9F64529AD48E934 = {isa = PBXBuildFile; fileRef = D89525B1B64B46968E0B7F44; };
		2D88C8B6337E4299BDEE954E = {isa = PBXBuildFile; fileRef = ECBED1AE128D48508C79C1F9; };
		697E1D5F8C474EBE99C24BCC = {isa = PBXBuildFile; fileRef = E441A9FCB1D944F59B412A0F; };
		14B0C31B06F94ECCAEE60802 = {isa = PBXBuildFile; fileRef = AC11FAE6B3F14E6089FAEA26; };
		28DF32CB88EB4EDB9431886A = {isa = PBXBuildFile; fileRef = 8FA511C93E82478090D401F0; };
		CF160A9B62974E0193A76AE9 = {isa = PBXBuildFile; fileRef = 9FA7F3A49F794AF696DB77B1; };
		FD899216C4204C6B9BD84A51 = {isa = PBXBuildFile; fileRef = 71AF7933CF45441A8B3CB5BD; };
/* End PBXBuildFile section */

/* Begin PBXFileReference section */
		BC18803C2A524B94A40EF90D = {isa = PBXFileReference; lastKnownFileType = folder.assetcatalog; path = Assets.xcassets; sourceTree = "<group>"; };
		CB55531EDCFA4E57A2BDDE50 = {isa = PBXFileReference; lastKnownFileType = text.plist.xml; path = Info.plist; sourceTree = "<group>"; };
		2C1A30784CE64FB7BECE9FE2 = {isa = PBXFileReference; lastKnownFileType = text.json.xcstrings; path = Localizable.xcstrings; sourceTree = "<group>"; };
		E49516CACC674A139E26F1BF = {isa = PBXFileReference; explicitFileType = wrapper.application; includeInIndex = 0; path = Gyrus.app; sourceTree = BUILT_PRODUCTS_DIR; };
		3A5CC64E180D4F869BE3B75B = {isa = PBXFileReference; lastKnownFileType = sourcecode.swift; path = "ContentView.swift"; sourceTree = "<group>"; };
		6FD27D66BD1E404DA9A09F2A = {isa = PBXFileReference; lastKnownFileType = sourcecode.swift; path = "GyrusApp.swift"; sourceTree = "<group>"; };
		4FD86002136E4045B1CEE2C3 = {isa = PBXFileReference; lastKnownFileType = sourcecode.swift; path = "AIBrainConfig.swift"; sourceTree = "<group>"; };
		20237F170A274C458F4F4CF1 = {isa = PBXFileReference; lastKnownFileType = sourcecode.swift; path = "Bookmark.swift"; sourceTree = "<group>"; };
		0E24924D2FA54503AF34D6DC = {isa = PBXFileReference; lastKnownFileType = sourcecode.swift; path = "Collection.swift"; sourceTree = "<group>"; };
		B3D0181507014A6181A8F781 = {isa = PBXFileReference; lastKnownFileType = sourcecode.swift; path = "Tag.swift"; sourceTree = "<group>"; };
		2B99E7273CCA4D8D99A670E0 = {isa = PBXFileReference; lastKnownFileType = sourcecode.swift; path = "ColorExtension.swift"; sourceTree = "<group>"; };
		52AA2EBEA26E4D09A3E6DD57 = {isa = PBXFileReference; lastKnownFileType = sourcecode.swift; path = "FlowLayout.swift"; sourceTree = "<group>"; };
		7355DE68FECD4928BA239F59 = {isa = PBXFileReference; lastKnownFileType = sourcecode.swift; path = "GlobalHotkey.swift"; sourceTree = "<group>"; };
		1552DAFB54CE417393859D52 = {isa = PBXFileReference; lastKnownFileType = sourcecode.swift; path = "KeychainHelper.swift"; sourceTree = "<group>"; };
		FA1CB01724D348FBB2BAEE94 = {isa = PBXFileReference; lastKnownFileType = sourcecode.swift; path = "StartupView.swift"; sourceTree = "<group>"; };
		CD004914EED948D9A8B8CBA3 = {isa = PBXFileReference; lastKnownFileType = sourcecode.swift; path = "SidebarOutlineView.swift"; sourceTree = "<group>"; };
		87D48108DD9D44F9BE635482 = {isa = PBXFileReference; lastKnownFileType = sourcecode.swift; path = "SidebarView.swift"; sourceTree = "<group>"; };
		DA4AC424733845B79528DFBE = {isa = PBXFileReference; lastKnownFileType = sourcecode.swift; path = "AISettingsView.swift"; sourceTree = "<group>"; };
		0D94C9E0278D4DD690DEB04D = {isa = PBXFileReference; lastKnownFileType = sourcecode.swift; path = "HotkeyRecorder.swift"; sourceTree = "<group>"; };
		D268D84EF73F47B0B42B1C42 = {isa = PBXFileReference; lastKnownFileType = sourcecode.swift; path = "SettingsView.swift"; sourceTree = "<group>"; };
		5DD37A56DA6A46C5BBF95743 = {isa = PBXFileReference; lastKnownFileType = sourcecode.swift; path = "AIBrainTabView.swift"; sourceTree = "<group>"; };
		860DD82896E0439A81833B41 = {isa = PBXFileReference; lastKnownFileType = sourcecode.swift; path = "PreviewPanelView.swift"; sourceTree = "<group>"; };
		D682518C2C4843B79944F8E3 = {isa = PBXFileReference; lastKnownFileType = sourcecode.swift; path = "ScreenshotView.swift"; sourceTree = "<group>"; };
		0A2F398DD18C4F3B922511F2 = {isa = PBXFileReference; lastKnownFileType = sourcecode.swift; path = "BookmarkCardView.swift"; sourceTree = "<group>"; };
		76A1D00EB6DD41A18DF34C67 = {isa = PBXFileReference; lastKnownFileType = sourcecode.swift; path = "BookmarkContextMenu.swift"; sourceTree = "<group>"; };
		2C1A74118A354B4E9DDFD2DB = {isa = PBXFileReference; lastKnownFileType = sourcecode.swift; path = "BookmarkGridView.swift"; sourceTree = "<group>"; };
		3E87B3110BAA496CA83B4BC8 = {isa = PBXFileReference; lastKnownFileType = sourcecode.swift; path = "BookmarkListView.swift"; sourceTree = "<group>"; };
		1AD8D9232A0145D3B0F2402D = {isa = PBXFileReference; lastKnownFileType = sourcecode.swift; path = "BookmarkTableView.swift"; sourceTree = "<group>"; };
		963FACB149DF45D4AFB49D39 = {isa = PBXFileReference; lastKnownFileType = sourcecode.swift; path = "CommandPaletteView.swift"; sourceTree = "<group>"; };
		5E13E6D7376542478C912FB6 = {isa = PBXFileReference; lastKnownFileType = sourcecode.swift; path = "ExportSheet.swift"; sourceTree = "<group>"; };
		5D936449EAFB4A499E4D212C = {isa = PBXFileReference; lastKnownFileType = sourcecode.swift; path = "AddBookmarkView.swift"; sourceTree = "<group>"; };
		765EA9EDAF304225AFFD2246 = {isa = PBXFileReference; lastKnownFileType = sourcecode.swift; path = "ImportWizardView.swift"; sourceTree = "<group>"; };
		E07BFA999CED4F45ABA5ADD3 = {isa = PBXFileReference; lastKnownFileType = sourcecode.swift; path = "BrainOnboardingView.swift"; sourceTree = "<group>"; };
		2E62E566E59549F8AAE4BCC9 = {isa = PBXFileReference; lastKnownFileType = sourcecode.swift; path = "APIClient.swift"; sourceTree = "<group>"; };
		EDC2717A6CC74B77A45EE4C0 = {isa = PBXFileReference; lastKnownFileType = sourcecode.swift; path = "AppSettings.swift"; sourceTree = "<group>"; };
		5771B209D94E4476B9E2C9B7 = {isa = PBXFileReference; lastKnownFileType = sourcecode.swift; path = "AppStore.swift"; sourceTree = "<group>"; };
		953BAB76F8FD4EC0AA338C9F = {isa = PBXFileReference; lastKnownFileType = sourcecode.swift; path = "BackendLauncher.swift"; sourceTree = "<group>"; };
		78699C9FE38744C38782B556 = {isa = PBXFileReference; lastKnownFileType = sourcecode.swift; path = "BookmarkStore.swift"; sourceTree = "<group>"; };
		D94A4799B2BA44D990F8E537 = {isa = PBXFileReference; lastKnownFileType = sourcecode.swift; path = "BrainChatStore.swift"; sourceTree = "<group>"; };
		03E12BECED374B33BBDACB99 = {isa = PBXFileReference; lastKnownFileType = sourcecode.swift; path = "CollectionStore.swift"; sourceTree = "<group>"; };
		D89525B1B64B46968E0B7F44 = {isa = PBXFileReference; lastKnownFileType = sourcecode.swift; path = "Config.swift"; sourceTree = "<group>"; };
		ECBED1AE128D48508C79C1F9 = {isa = PBXFileReference; lastKnownFileType = sourcecode.swift; path = "TagStore.swift"; sourceTree = "<group>"; };
		E441A9FCB1D944F59B412A0F = {isa = PBXFileReference; lastKnownFileType = sourcecode.swift; path = "UIStateStore.swift"; sourceTree = "<group>"; };
		CF71695574C942C8BA6EEA42 = {isa = PBXFileReference; explicitFileType = wrapper.cfbundle; includeInIndex = 0; path = GyrusTests.xctest; sourceTree = BUILT_PRODUCTS_DIR; };
		AC11FAE6B3F14E6089FAEA26 = {isa = PBXFileReference; lastKnownFileType = sourcecode.swift; path = "AppStoreLogicTests.swift"; sourceTree = "<group>"; };
		8FA511C93E82478090D401F0 = {isa = PBXFileReference; lastKnownFileType = sourcecode.swift; path = "CollectionTreeTests.swift"; sourceTree = "<group>"; };
		9FA7F3A49F794AF696DB77B1 = {isa = PBXFileReference; lastKnownFileType = sourcecode.swift; path = "ColorExtensionTests.swift"; sourceTree = "<group>"; };
		71AF7933CF45441A8B3CB5BD = {isa = PBXFileReference; lastKnownFileType = sourcecode.swift; path = "ModelEncodingTests.swift"; sourceTree = "<group>"; };
/* End PBXFileReference section */

/* Begin PBXFrameworksBuildPhase section */
		03EEE0B63310457BBE01A716 = {
			isa = PBXFrameworksBuildPhase;
			buildActionMask = 2147483647;
			files = (
			);
			runOnlyForDeploymentPostprocessing = 0;
		};
/* End PBXFrameworksBuildPhase section */

/* Begin PBXGroup section */
		03252DEC43264E19A1952F01 = {isa = PBXGroup; children = (E49516CACC674A139E26F1BF, CF71695574C942C8BA6EEA42,); name = Products; sourceTree = "<group>"; };
		865B6B338EBD45E98FA0C8B1 = {isa = PBXGroup; children = (667C3D9C021C41379E92D599, 19814D0354324980B5B1E4A3, 03252DEC43264E19A1952F01); sourceTree = "<group>"; };
		19814D0354324980B5B1E4A3 = {
			isa = PBXGroup;
			children = (
				AC11FAE6B3F14E6089FAEA26,
				8FA511C93E82478090D401F0,
				9FA7F3A49F794AF696DB77B1,
				71AF7933CF45441A8B3CB5BD,
			);
			path = GyrusTests;
			sourceTree = "<group>";
		};
		EC6BC40A5F894D59B6F83AD8 = {
			isa = PBXGroup;
			children = (
			);
			path = "AppIcon.appiconset";
			sourceTree = "<group>";
		};
		BB264F6D3D7B483BB3253FE3 = {
			isa = PBXGroup;
			children = (
				EC6BC40A5F894D59B6F83AD8,
			);
			path = "Assets.xcassets";
			sourceTree = "<group>";
		};
		74928B76A2934155AC939AE0 = {
			isa = PBXGroup;
			children = (
				963FACB149DF45D4AFB49D39,
			);
			path = "CommandPalette";
			sourceTree = "<group>";
		};
		CC0761D5652347468F63332E = {
			isa = PBXGroup;
			children = (
				0A2F398DD18C4F3B922511F2,
				76A1D00EB6DD41A18DF34C67,
				2C1A74118A354B4E9DDFD2DB,
				3E87B3110BAA496CA83B4BC8,
				1AD8D9232A0145D3B0F2402D,
			);
			path = "BookmarkList";
			sourceTree = "<group>";
		};
		59892172A17E48FA811C9C83 = {
			isa = PBXGroup;
			children = (
				5DD37A56DA6A46C5BBF95743,
				860DD82896E0439A81833B41,
				D682518C2C4843B79944F8E3,
			);
			path = "PreviewPanel";
			sourceTree = "<group>";
		};
		34DF4529ABD54CB380187336 = {
			isa = PBXGroup;
			children = (
				E07BFA999CED4F45ABA5ADD3,
			);
			path = "Onboarding";
			sourceTree = "<group>";
		};
		A32B59CBA36B49F6B2863F4A = {
			isa = PBXGroup;
			children = (
				DA4AC424733845B79528DFBE,
				0D94C9E0278D4DD690DEB04D,
				D268D84EF73F47B0B42B1C42,
			);
			path = "Settings";
			sourceTree = "<group>";
		};
		2A9AF3CD21FD417AB38ED5C5 = {
			isa = PBXGroup;
			children = (
				CD004914EED948D9A8B8CBA3,
				87D48108DD9D44F9BE635482,
			);
			path = "Sidebar";
			sourceTree = "<group>";
		};
		1B53B3F70B12430AA946D1AE = {
			isa = PBXGroup;
			children = (
			);
			path = "Startup";
			sourceTree = "<group>";
		};
		25854606F1BD46F5A338DEB8 = {
			isa = PBXGroup;
			children = (
				5E13E6D7376542478C912FB6,
			);
			path = "Export";
			sourceTree = "<group>";
		};
		2093E6DE4271423E942AFFD0 = {
			isa = PBXGroup;
			children = (
				5D936449EAFB4A499E4D212C,
				765EA9EDAF304225AFFD2246,
			);
			path = "Import";
			sourceTree = "<group>";
		};
		E6FEBA9754954EE985D3EBBD = {
			isa = PBXGroup;
			children = (
				BC18803C2A524B94A40EF90D,
				CB55531EDCFA4E57A2BDDE50,
				2C1A30784CE64FB7BECE9FE2,
				BB264F6D3D7B483BB3253FE3,
			);
			path = "Resources";
			sourceTree = "<group>";
		};
		1CA5F2DE49494553AB4A889E = {
			isa = PBXGroup;
			children = (
				2B99E7273CCA4D8D99A670E0,
				52AA2EBEA26E4D09A3E6DD57,
				7355DE68FECD4928BA239F59,
				1552DAFB54CE417393859D52,
			);
			path = "Utilities";
			sourceTree = "<group>";
		};
		47E13BD32610414A861312AC = {
			isa = PBXGroup;
			children = (
				2E62E566E59549F8AAE4BCC9,
				EDC2717A6CC74B77A45EE4C0,
				5771B209D94E4476B9E2C9B7,
				953BAB76F8FD4EC0AA338C9F,
				78699C9FE38744C38782B556,
				D94A4799B2BA44D990F8E537,
				03E12BECED374B33BBDACB99,
				D89525B1B64B46968E0B7F44,
				ECBED1AE128D48508C79C1F9,
				E441A9FCB1D944F59B412A0F,
			);
			path = "Services";
			sourceTree = "<group>";
		};
		0003F2BBF0EF491C9E2986F9 = {
			isa = PBXGroup;
			children = (
				4FD86002136E4045B1CEE2C3,
				20237F170A274C458F4F4CF1,
				0E24924D2FA54503AF34D6DC,
				B3D0181507014A6181A8F781,
			);
			path = "Models";
			sourceTree = "<group>";
		};
		4E1D9B18CF6A40DDA82D6ED6 = {
			isa = PBXGroup;
			children = (
				CC0761D5652347468F63332E,
				74928B76A2934155AC939AE0,
				25854606F1BD46F5A338DEB8,
				2093E6DE4271423E942AFFD0,
				34DF4529ABD54CB380187336,
				59892172A17E48FA811C9C83,
				A32B59CBA36B49F6B2863F4A,
				2A9AF3CD21FD417AB38ED5C5,
				1B53B3F70B12430AA946D1AE,
				FA1CB01724D348FBB2BAEE94,
			);
			path = "Views";
			sourceTree = "<group>";
		};
		667C3D9C021C41379E92D599 = {
			isa = PBXGroup;
			children = (
				0003F2BBF0EF491C9E2986F9,
				E6FEBA9754954EE985D3EBBD,
				47E13BD32610414A861312AC,
				1CA5F2DE49494553AB4A889E,
				4E1D9B18CF6A40DDA82D6ED6,
				3A5CC64E180D4F869BE3B75B,
				6FD27D66BD1E404DA9A09F2A,
			);
			path = "Gyrus";
			sourceTree = "<group>";
		};
/* End PBXGroup section */

/* Begin PBXNativeTarget section */
		7592DD46B50C4DA2ACCA981D = {
			isa = PBXNativeTarget;
			buildConfigurationList = D54F57538B1446CB9487E4AF;
			buildPhases = (
				8312EDEDD7C945CDBB645A46,
				03EEE0B63310457BBE01A716,
				D75DB6CC1DDC44DA8F6C0614,
				731ADA0729D94F0AB1579F89,
			);
			buildRules = (
			);
			dependencies = (
			);
			name = Gyrus;
			productName = Gyrus;
			productReference = E49516CACC674A139E26F1BF;
			productType = "com.apple.product-type.application";
		};
		A6741E67B5234A7E8BCE3EC8 = {
			isa = PBXNativeTarget;
			buildConfigurationList = 000BE8C174314A7B8F6E6B93;
			buildPhases = (
				658126CE2CB344EB9A9F235C,
			);
			buildRules = (
			);
			dependencies = (
				7A8409C1135A4119AD3B49E9,
			);
			name = GyrusTests;
			productName = GyrusTests;
			productReference = CF71695574C942C8BA6EEA42;
			productType = "com.apple.product-type.bundle.unit-test";
		};
/* End PBXNativeTarget section */

/* Begin PBXProject section */
		E83971D7BF7545AB8D9F11E9 = {
			isa = PBXProject;
			attributes = {
				BuildIndependentTargetsInParallel = 1;
				LastSwiftUpdateCheck = 2650;
				LastUpgradeCheck = 2650;
				TargetAttributes = {
					7592DD46B50C4DA2ACCA981D = {
						CreatedOnToolsVersion = 15.0;
					};
					A6741E67B5234A7E8BCE3EC8 = {
						CreatedOnToolsVersion = 15.0;
						TestTargetID = 7592DD46B50C4DA2ACCA981D;
					};
				};
			};
			buildConfigurationList = B9F64279220A4351B5ED57AB;
			compatibilityVersion = "Xcode 14.0";
			developmentRegion = en;
			hasScannedForEncodings = 0;
			knownRegions = (
				en,
				de,
				Base,
			);
			mainGroup = 865B6B338EBD45E98FA0C8B1;
			productRefGroup = 03252DEC43264E19A1952F01;
			projectDirPath = "";
			projectRoot = "";
			targets = (
				7592DD46B50C4DA2ACCA981D,
				A6741E67B5234A7E8BCE3EC8,
			);
		};
/* End PBXProject section */

/* Begin PBXResourcesBuildPhase section */
		D75DB6CC1DDC44DA8F6C0614 = {
			isa = PBXResourcesBuildPhase;
			buildActionMask = 2147483647;
			files = (
				59C53DFF58BD4432898843E0,
				3B310AEA0619480E98F619C1,
			);
			runOnlyForDeploymentPostprocessing = 0;
		};
/* End PBXResourcesBuildPhase section */

/* Begin PBXShellScriptBuildPhase section */
		731ADA0729D94F0AB1579F89 = {
			isa = PBXShellScriptBuildPhase;
			alwaysOutOfDate = 1;
			buildActionMask = 2147483647;
			files = (
			);
			inputPaths = (
				"$(SRCROOT)/backend",
			);
			name = "Bundle Python Backend";
			outputPaths = (
				"$(BUILT_PRODUCTS_DIR)/$(UNLOCALIZED_RESOURCES_FOLDER_PATH)/backend",
			);
			runOnlyForDeploymentPostprocessing = 0;
			shellPath = /bin/sh;
			shellScript = "rsync -a --delete --exclude 'venv' --exclude '__pycache__' --exclude '*.pyc' --exclude '*.db' --exclude '*.db-wal' --exclude '*.db-shm' --exclude '.DS_Store' \"${SRCROOT}/backend/\" \"${BUILT_PRODUCTS_DIR}/${UNLOCALIZED_RESOURCES_FOLDER_PATH}/backend/\"";
		};
/* End PBXShellScriptBuildPhase section */

/* Begin PBXSourcesBuildPhase section */
		8312EDEDD7C945CDBB645A46 = {
			isa = PBXSourcesBuildPhase;
			buildActionMask = 2147483647;
			files = (
				A3A109C5467746898B659D26,
				8AD00DE0A70942899A1AE67F,
				C749DB4A644D462DA58243B7,
				F9159EB501684CAF9A069D67,
				1ECB6F7A86E942F494D3E3C0,
				2F8D2BBA3BFE454CB15CD921,
				701733C104D04A26AB878197,
				3294663867C841368ECA8B3C,
				F4E16B585C4F4BDBBB39EC07,
				89A34880303243DCBE50CFFB,
				283BAD64B48C426DA0D5DA01,
				4B5B9BB22BDD4061A0FDA382,
				2B29F9C2BA1A4D9D93B54372,
				64DA214542334772B78C972B,
				2206DB0D1C6A4799862F979D,
				9377572DB21B4936B3E2EFC2,
				27C6E43982864AE190694539,
				4F456FD16F9D434D8F6F0869,
				4AE3E7F5A21A4C25BB124398,
				A6E91DB67EB948B68FE9476C,
				FE5852DE42714021A09BE106,
				8D928D85F9D548DF9298002B,
				E1A2C850C381417DA4C5ADF9,
				73B65C84F71E4FA086D086AE,
				A786C9DE19FA4D1487DE4F98,
				B7BC600F35724D1C8629A729,
				4353C4D41A2E4ABC86827CC3,
				055D7DD0B501473A9AB3A7B9,
				7594599586A4431A9EFBBBD1,
				12DB0D105499413A81C5AA50,
				94200ABCD94E4432A0A2A0F3,
				34A0147F7CD9450EB5769088,
				65C6E95CB2F64357BC261A9F,
				04D4F1FE67724D5DBB347109,
				4EB941CF1DAE4141BFD8C8D5,
				637606602684428DB6050567,
				0B62A8F3F9F64529AD48E934,
				2D88C8B6337E4299BDEE954E,
				697E1D5F8C474EBE99C24BCC,
			);
			runOnlyForDeploymentPostprocessing = 0;
		};
		658126CE2CB344EB9A9F235C = {
			isa = PBXSourcesBuildPhase;
			buildActionMask = 2147483647;
			files = (
				14B0C31B06F94ECCAEE60802,
				28DF32CB88EB4EDB9431886A,
				CF160A9B62974E0193A76AE9,
				FD899216C4204C6B9BD84A51,
			);
			runOnlyForDeploymentPostprocessing = 0;
		};
/* End PBXSourcesBuildPhase section */

/* Begin PBXTargetDependency section */
		7A8409C1135A4119AD3B49E9 = {
			isa = PBXTargetDependency;
			target = 7592DD46B50C4DA2ACCA981D;
			targetProxy = 682248AF0A7C4010B7C3BD1D;
		};
/* End PBXTargetDependency section */

/* Begin PBXContainerItemProxy section */
		682248AF0A7C4010B7C3BD1D = {
			isa = PBXContainerItemProxy;
			containerPortal = E83971D7BF7545AB8D9F11E9;
			proxyType = 1;
			remoteGlobalIDString = 7592DD46B50C4DA2ACCA981D;
			remoteInfo = Gyrus;
		};
/* End PBXContainerItemProxy section */

/* Begin XCBuildConfiguration section */
		6C342572FD044D53AA05C59C = {
			isa = XCBuildConfiguration;
			buildSettings = {
				ASSETS_CATALOG_COMPILER_OPTIMIZATION = space;
				APP_SANDBOX_ENABLED = NO;
				ASSETCATALOG_COMPILER_APPICON_NAME = AppIcon;
				COMBINE_HIDPI_IMAGES = YES;
				CURRENT_PROJECT_VERSION = 1;
				GENERATE_INFOPLIST_FILE = NO;
				INFOPLIST_FILE = Gyrus/Resources/Info.plist;
				LD_RUNPATH_SEARCH_PATHS = "@executable_path/../Frameworks";
				MACOSX_DEPLOYMENT_TARGET = 26.0;
				MARKETING_VERSION = 0.5.0;
				PRODUCT_BUNDLE_IDENTIFIER = "com.gyrus.app";
				PRODUCT_NAME = "$(TARGET_NAME)";
				SDKROOT = macosx;
				SUPPORTED_PLATFORMS = macosx;
				SWIFT_EMIT_LOC_STRINGS = YES;
				SWIFT_VERSION = 5.9;
			};
			name = Debug;
		};
		1850FC0B186443F0AAC119EE = {
			isa = XCBuildConfiguration;
			buildSettings = {
				ASSETS_CATALOG_COMPILER_OPTIMIZATION = space;
				APP_SANDBOX_ENABLED = NO;
				ASSETCATALOG_COMPILER_APPICON_NAME = AppIcon;
				COMBINE_HIDPI_IMAGES = YES;
				CURRENT_PROJECT_VERSION = 1;
				GENERATE_INFOPLIST_FILE = NO;
				INFOPLIST_FILE = Gyrus/Resources/Info.plist;
				LD_RUNPATH_SEARCH_PATHS = "@executable_path/../Frameworks";
				MACOSX_DEPLOYMENT_TARGET = 26.0;
				MARKETING_VERSION = 0.5.0;
				PRODUCT_BUNDLE_IDENTIFIER = "com.gyrus.app";
				PRODUCT_NAME = "$(TARGET_NAME)";
				SDKROOT = macosx;
				SUPPORTED_PLATFORMS = macosx;
				SWIFT_EMIT_LOC_STRINGS = YES;
				SWIFT_VERSION = 5.9;
			};
			name = Release;
		};
		F7CFDAEC324C4C65916DB7BA = {
			isa = XCBuildConfiguration;
			buildSettings = {
				ALWAYS_SEARCH_USER_PATHS = NO;
				CLANG_ANALYZER_NONNULL = YES;
				CLANG_CXX_LANGUAGE_STANDARD = "gnu++17";
				CLANG_ENABLE_MODULES = YES;
				CLANG_ENABLE_OBJC_ARC = YES;
				COPY_PHASE_STRIP = NO;
				DEBUG_INFORMATION_FORMAT = dwarf;
				ENABLE_STRICT_OBJC_MSGSEND = YES;
				ENABLE_USER_SCRIPT_SANDBOXING = NO;
				DEAD_CODE_STRIPPING = YES;
				CLANG_ANALYZER_LOCALIZABILITY_NONLOCALIZED = YES;
				ENABLE_TESTABILITY = YES;
				GCC_C_LANGUAGE_STANDARD = gnu11;
				GCC_DYNAMIC_NO_PIC = NO;
				GCC_OPTIMIZATION_LEVEL = 0;
				GCC_PREPROCESSOR_DEFINITIONS = (
					"DEBUG=1",
					"$(inherited)",
				);
				MACOSX_DEPLOYMENT_TARGET = 26.0;
				MTL_ENABLE_DEBUG_INFO = INCLUDE_SOURCE;
				MTL_FAST_MATH = YES;
				ONLY_ACTIVE_ARCH = YES;
				SDKROOT = macosx;
				SWIFT_ACTIVE_COMPILATION_CONDITIONS = DEBUG;
				SWIFT_OPTIMIZATION_LEVEL = "-Onone";
			};
			name = Debug;
		};
		8332A238EBB048CAB239D0ED = {
			isa = XCBuildConfiguration;
			buildSettings = {
				ALWAYS_SEARCH_USER_PATHS = NO;
				CLANG_ANALYZER_NONNULL = YES;
				CLANG_CXX_LANGUAGE_STANDARD = "gnu++17";
				CLANG_ENABLE_MODULES = YES;
				CLANG_ENABLE_OBJC_ARC = YES;
				COPY_PHASE_STRIP = NO;
				DEBUG_INFORMATION_FORMAT = "dwarf-with-dsym";
				ENABLE_NS_ASSERTIONS = NO;
				ENABLE_STRICT_OBJC_MSGSEND = YES;
				ENABLE_USER_SCRIPT_SANDBOXING = NO;
				DEAD_CODE_STRIPPING = YES;
				CLANG_ANALYZER_LOCALIZABILITY_NONLOCALIZED = YES;
				GCC_C_LANGUAGE_STANDARD = gnu11;
				GCC_OPTIMIZATION_LEVEL = s;
				MACOSX_DEPLOYMENT_TARGET = 26.0;
				MTL_ENABLE_DEBUG_INFO = NO;
				MTL_FAST_MATH = YES;
				SDKROOT = macosx;
				SWIFT_COMPILATION_MODE = wholemodule;
				SWIFT_OPTIMIZATION_LEVEL = "-O";
			};
			name = Release;
		};
		0626A6E5789E4549B1897F83 = {
			isa = XCBuildConfiguration;
			buildSettings = {
				BUNDLE_LOADER = "$(TEST_HOST)";
				GENERATE_INFOPLIST_FILE = YES;
				MACOSX_DEPLOYMENT_TARGET = 26.0;
				PRODUCT_BUNDLE_IDENTIFIER = "com.gyrus.app.tests";
				PRODUCT_NAME = "$(TARGET_NAME)";
				SDKROOT = macosx;
				SWIFT_EMIT_LOC_STRINGS = NO;
				SWIFT_VERSION = 5.9;
				TEST_HOST = "$(BUILT_PRODUCTS_DIR)/Gyrus.app/Contents/MacOS/Gyrus";
			};
			name = Debug;
		};
		42A82D7FBED44B00AB6E18FD = {
			isa = XCBuildConfiguration;
			buildSettings = {
				BUNDLE_LOADER = "$(TEST_HOST)";
				GENERATE_INFOPLIST_FILE = YES;
				MACOSX_DEPLOYMENT_TARGET = 26.0;
				PRODUCT_BUNDLE_IDENTIFIER = "com.gyrus.app.tests";
				PRODUCT_NAME = "$(TARGET_NAME)";
				SDKROOT = macosx;
				SWIFT_EMIT_LOC_STRINGS = NO;
				SWIFT_VERSION = 5.9;
				TEST_HOST = "$(BUILT_PRODUCTS_DIR)/Gyrus.app/Contents/MacOS/Gyrus";
			};
			name = Release;
		};
/* End XCBuildConfiguration section */

/* Begin XCConfigurationList section */
		B9F64279220A4351B5ED57AB = {
			isa = XCConfigurationList;
			buildConfigurations = (
				F7CFDAEC324C4C65916DB7BA,
				8332A238EBB048CAB239D0ED,
			);
			defaultConfigurationIsVisible = 0;
			defaultConfigurationName = Release;
		};
		D54F57538B1446CB9487E4AF = {
			isa = XCConfigurationList;
			buildConfigurations = (
				6C342572FD044D53AA05C59C,
				1850FC0B186443F0AAC119EE,
			);
			defaultConfigurationIsVisible = 0;
			defaultConfigurationName = Release;
		};
		000BE8C174314A7B8F6E6B93 = {
			isa = XCConfigurationList;
			buildConfigurations = (
				0626A6E5789E4549B1897F83,
				42A82D7FBED44B00AB6E18FD,
			);
			defaultConfigurationIsVisible = 0;
			defaultConfigurationName = Release;
		};
/* End XCConfigurationList section */
	};
	rootObject = E83971D7BF7545AB8D9F11E9;
}
