// !$*UTF8*$!
{
	archiveVersion = 1;
	classes = {
	};
	objectVersion = 56;
	objects = {

/* Begin PBXBuildFile section */
		9EFE17BCA03E47AEB2E9E2BD = {isa = PBXBuildFile; fileRef = 91FEC950C129446496E6A481; };
		7B348710F470440D8C9EEE86 = {isa = PBXBuildFile; fileRef = 09A257377B754496BA5A974F; };
		116647BD31A048589FA08867 = {isa = PBXBuildFile; fileRef = DCD73132E42444C2974FB188; };
		9AB52614F3AB41558F0DC372 = {isa = PBXBuildFile; fileRef = DC8CA60B51EF4D6F888B6908; };
		F8514137A15D45D7919A72CE = {isa = PBXBuildFile; fileRef = DBD0F5EAE7AF4A58A93FA6A2; };
		5C635AFABC3A4123B0077699 = {isa = PBXBuildFile; fileRef = 171CEAAF9D4C4AB5B737682F; };
		C6EE7EE6B4824FDF8F486AE0 = {isa = PBXBuildFile; fileRef = 7BB8E244BC7845D997D241F5; };
		5DAD8558EF7D425B980FF89C = {isa = PBXBuildFile; fileRef = 119E6AC16A46444F9884DDCD; };
		621286F50AF341EAB6F31D26 = {isa = PBXBuildFile; fileRef = 960E13B7B9274F66B85E49FD; };
		78E67B5D769B492B8EA1DB44 = {isa = PBXBuildFile; fileRef = C095A7E91A9E462F8BE6A701; };
		99C172A831AB46389A6EE972 = {isa = PBXBuildFile; fileRef = 8518E6FEC9874464833F4B16; };
		DC6A37E1C8884090BE67EAD9 = {isa = PBXBuildFile; fileRef = D4A43294253D4756AE2D963C; };
		FC894CD8A1074F629C1E5772 = {isa = PBXBuildFile; fileRef = FEB1B057EE16481E97130F51; };
		EC4E1F619AB7487195F6BADA = {isa = PBXBuildFile; fileRef = A296107B91B4443383C292E4; };
		5E71F2CA1DA14D15A0B887C9 = {isa = PBXBuildFile; fileRef = FC8A063C3E3646B684DC60C7; };
		D667FE7CD7EA4106B70D322C = {isa = PBXBuildFile; fileRef = E1A142D0CD6F494A8065D70A; };
		16DAA7DFFA43452197C7A384 = {isa = PBXBuildFile; fileRef = 5C0EC002EEC044E1A0A932A3; };
		B7C1DB668E604EB483C481A7 = {isa = PBXBuildFile; fileRef = D928560C1DBD4629B8694606; };
		BDB74FC3A0F94ED2922F1588 = {isa = PBXBuildFile; fileRef = FE8EEE82B3C8458188317476; };
		4AE7A5CF544C43418E48EBA5 = {isa = PBXBuildFile; fileRef = 7F31012FCC9E46108E88EDC3; };
		0F366770DC494EAD891CB8DB = {isa = PBXBuildFile; fileRef = 9B04F6D11FA14D7BB301F393; };
		6CEDFCBD07994481B973E0F7 = {isa = PBXBuildFile; fileRef = B99B1B664FDA4980881EA131; };
		467CDEEE358747A2B51D2FAB = {isa = PBXBuildFile; fileRef = 53B12CE1915A4CE09A02CDFF; };
		9B95BA3017334ADD81F3584D = {isa = PBXBuildFile; fileRef = C180FEA7134C4238B825EE59; };
		F9FE876B3CC6404499019054 = {isa = PBXBuildFile; fileRef = 18EBF107C51B48399E51B09F; };
		CEAD0936DFD845D499604AA7 = {isa = PBXBuildFile; fileRef = 9524B6B1483148D7BA3824D6; };
		BEE22546266041A2B41B8E7C = {isa = PBXBuildFile; fileRef = B7D1F1E6EA4346108379E899; };
		1EF0E86C248D4BE1A083FDD4 = {isa = PBXBuildFile; fileRef = DE2E442A309640F782D15108; };
		0F38444D869744769B81DF03 = {isa = PBXBuildFile; fileRef = EB2C61654EB0492B8DC9FC4E; };
		CF9D2A66C4FC4865826CF16A = {isa = PBXBuildFile; fileRef = 604AE07935964944835D77CE; };
		2EC1B99CAF564446A496B1F9 = {isa = PBXBuildFile; fileRef = F66DCEB22B3F47B2B5DE58A0; };
		9EB3B6AA0D214EF480FE828A = {isa = PBXBuildFile; fileRef = 7E919050569B49D087C607DB; };
		21D014183D83412EA4FCAF77 = {isa = PBXBuildFile; fileRef = 97518240F2164D92A8221D28; };
		5450E2D626D64F748A5F96CA = {isa = PBXBuildFile; fileRef = 4A0AB7144B764341B122864E; };
		03C9715E37FE4F8CB0EA7AEF = {isa = PBXBuildFile; fileRef = 84377AA6C97D4A13A218FBD2; };
		E5D3FA586FED4D019B369D0D = {isa = PBXBuildFile; fileRef = 86DE166687F44C2CB6FC6C52; };
		CD56AA0B7CF3471DAB7B05D3 = {isa = PBXBuildFile; fileRef = 54557C5311024526BECF3ACA; };
		2192A2026A4A4C948232D62E = {isa = PBXBuildFile; fileRef = B695E9A96BA1490FA4F55A58; };
		0DFA1A0B245748C4B096C6F4 = {isa = PBXBuildFile; fileRef = C8A60291D0EA45008481A7BB; };
		19CE453EF21949E98ABD452D = {isa = PBXBuildFile; fileRef = E048784581924845A9FD449F; };
		CBF2CBAE30674C6188547167 = {isa = PBXBuildFile; fileRef = BEE11EC63B6B4C749DF6AD38; };
		D798B695592341559BC49903 = {isa = PBXBuildFile; fileRef = BB386AE6009F482AAE652432; };
		D3E1F443AD904602BFACBB17 = {isa = PBXBuildFile; fileRef = 9E1495CE9EC2477C9168005C; };
		ACAE029FE10A42BB98185EF4 = {isa = PBXBuildFile; fileRef = D27AB5545F4F42E5A8189584; };
		AFF97C824EFE4F6787486022 = {isa = PBXBuildFile; fileRef = EDD5BED2D4934BEDA8958219; };
		B57223464AFE4458B1DC0ECD = {isa = PBXBuildFile; fileRef = 226C8DFAE6EE4FEB873E1124; };
/* End PBXBuildFile section */

/* Begin PBXFileReference section */
		91FEC950C129446496E6A481 = {isa = PBXFileReference; lastKnownFileType = folder.assetcatalog; path = Assets.xcassets; sourceTree = "<group>"; };
		BE1A46C5A23D4458B71E142E = {isa = PBXFileReference; lastKnownFileType = text.plist.xml; path = Info.plist; sourceTree = "<group>"; };
		09A257377B754496BA5A974F = {isa = PBXFileReference; lastKnownFileType = text.json.xcstrings; path = Localizable.xcstrings; sourceTree = "<group>"; };
		EF2309766F4543C392C64F55 = {isa = PBXFileReference; explicitFileType = wrapper.application; includeInIndex = 0; path = Gyrus.app; sourceTree = BUILT_PRODUCTS_DIR; };
		DCD73132E42444C2974FB188 = {isa = PBXFileReference; lastKnownFileType = sourcecode.swift; path = "ContentView.swift"; sourceTree = "<group>"; };
		DC8CA60B51EF4D6F888B6908 = {isa = PBXFileReference; lastKnownFileType = sourcecode.swift; path = "GyrusApp.swift"; sourceTree = "<group>"; };
		DBD0F5EAE7AF4A58A93FA6A2 = {isa = PBXFileReference; lastKnownFileType = sourcecode.swift; path = "AIBrainConfig.swift"; sourceTree = "<group>"; };
		171CEAAF9D4C4AB5B737682F = {isa = PBXFileReference; lastKnownFileType = sourcecode.swift; path = "Bookmark.swift"; sourceTree = "<group>"; };
		7BB8E244BC7845D997D241F5 = {isa = PBXFileReference; lastKnownFileType = sourcecode.swift; path = "Collection.swift"; sourceTree = "<group>"; };
		119E6AC16A46444F9884DDCD = {isa = PBXFileReference; lastKnownFileType = sourcecode.swift; path = "Tag.swift"; sourceTree = "<group>"; };
		960E13B7B9274F66B85E49FD = {isa = PBXFileReference; lastKnownFileType = sourcecode.swift; path = "ColorExtension.swift"; sourceTree = "<group>"; };
		C095A7E91A9E462F8BE6A701 = {isa = PBXFileReference; lastKnownFileType = sourcecode.swift; path = "FlowLayout.swift"; sourceTree = "<group>"; };
		8518E6FEC9874464833F4B16 = {isa = PBXFileReference; lastKnownFileType = sourcecode.swift; path = "GlobalHotkey.swift"; sourceTree = "<group>"; };
		D4A43294253D4756AE2D963C = {isa = PBXFileReference; lastKnownFileType = sourcecode.swift; path = "QuickAddController.swift"; sourceTree = "<group>"; };
		FEB1B057EE16481E97130F51 = {isa = PBXFileReference; lastKnownFileType = sourcecode.swift; path = "StartupView.swift"; sourceTree = "<group>"; };
		A296107B91B4443383C292E4 = {isa = PBXFileReference; lastKnownFileType = sourcecode.swift; path = "SidebarOutlineView.swift"; sourceTree = "<group>"; };
		FC8A063C3E3646B684DC60C7 = {isa = PBXFileReference; lastKnownFileType = sourcecode.swift; path = "SidebarView.swift"; sourceTree = "<group>"; };
		E1A142D0CD6F494A8065D70A = {isa = PBXFileReference; lastKnownFileType = sourcecode.swift; path = "AISettingsView.swift"; sourceTree = "<group>"; };
		5C0EC002EEC044E1A0A932A3 = {isa = PBXFileReference; lastKnownFileType = sourcecode.swift; path = "HotkeyRecorder.swift"; sourceTree = "<group>"; };
		D928560C1DBD4629B8694606 = {isa = PBXFileReference; lastKnownFileType = sourcecode.swift; path = "SettingsView.swift"; sourceTree = "<group>"; };
		FE8EEE82B3C8458188317476 = {isa = PBXFileReference; lastKnownFileType = sourcecode.swift; path = "AIBrainTabView.swift"; sourceTree = "<group>"; };
		7F31012FCC9E46108E88EDC3 = {isa = PBXFileReference; lastKnownFileType = sourcecode.swift; path = "PreviewPanelView.swift"; sourceTree = "<group>"; };
		9B04F6D11FA14D7BB301F393 = {isa = PBXFileReference; lastKnownFileType = sourcecode.swift; path = "WebPreviewView.swift"; sourceTree = "<group>"; };
		B99B1B664FDA4980881EA131 = {isa = PBXFileReference; lastKnownFileType = sourcecode.swift; path = "BookmarkCardView.swift"; sourceTree = "<group>"; };
		53B12CE1915A4CE09A02CDFF = {isa = PBXFileReference; lastKnownFileType = sourcecode.swift; path = "BookmarkContextMenu.swift"; sourceTree = "<group>"; };
		C180FEA7134C4238B825EE59 = {isa = PBXFileReference; lastKnownFileType = sourcecode.swift; path = "BookmarkGridView.swift"; sourceTree = "<group>"; };
		18EBF107C51B48399E51B09F = {isa = PBXFileReference; lastKnownFileType = sourcecode.swift; path = "BookmarkListView.swift"; sourceTree = "<group>"; };
		9524B6B1483148D7BA3824D6 = {isa = PBXFileReference; lastKnownFileType = sourcecode.swift; path = "BookmarkTableView.swift"; sourceTree = "<group>"; };
		B7D1F1E6EA4346108379E899 = {isa = PBXFileReference; lastKnownFileType = sourcecode.swift; path = "QuickAddPanel.swift"; sourceTree = "<group>"; };
		DE2E442A309640F782D15108 = {isa = PBXFileReference; lastKnownFileType = sourcecode.swift; path = "CommandPaletteView.swift"; sourceTree = "<group>"; };
		EB2C61654EB0492B8DC9FC4E = {isa = PBXFileReference; lastKnownFileType = sourcecode.swift; path = "ExportSheet.swift"; sourceTree = "<group>"; };
		604AE07935964944835D77CE = {isa = PBXFileReference; lastKnownFileType = sourcecode.swift; path = "AddBookmarkView.swift"; sourceTree = "<group>"; };
		F66DCEB22B3F47B2B5DE58A0 = {isa = PBXFileReference; lastKnownFileType = sourcecode.swift; path = "ImportWizardView.swift"; sourceTree = "<group>"; };
		7E919050569B49D087C607DB = {isa = PBXFileReference; lastKnownFileType = sourcecode.swift; path = "BrainOnboardingView.swift"; sourceTree = "<group>"; };
		97518240F2164D92A8221D28 = {isa = PBXFileReference; lastKnownFileType = sourcecode.swift; path = "APIClient.swift"; sourceTree = "<group>"; };
		4A0AB7144B764341B122864E = {isa = PBXFileReference; lastKnownFileType = sourcecode.swift; path = "AppSettings.swift"; sourceTree = "<group>"; };
		84377AA6C97D4A13A218FBD2 = {isa = PBXFileReference; lastKnownFileType = sourcecode.swift; path = "AppStore.swift"; sourceTree = "<group>"; };
		86DE166687F44C2CB6FC6C52 = {isa = PBXFileReference; lastKnownFileType = sourcecode.swift; path = "BackendLauncher.swift"; sourceTree = "<group>"; };
		54557C5311024526BECF3ACA = {isa = PBXFileReference; lastKnownFileType = sourcecode.swift; path = "BookmarkStore.swift"; sourceTree = "<group>"; };
		B695E9A96BA1490FA4F55A58 = {isa = PBXFileReference; lastKnownFileType = sourcecode.swift; path = "BrainChatStore.swift"; sourceTree = "<group>"; };
		C8A60291D0EA45008481A7BB = {isa = PBXFileReference; lastKnownFileType = sourcecode.swift; path = "CollectionStore.swift"; sourceTree = "<group>"; };
		E048784581924845A9FD449F = {isa = PBXFileReference; lastKnownFileType = sourcecode.swift; path = "Config.swift"; sourceTree = "<group>"; };
		BEE11EC63B6B4C749DF6AD38 = {isa = PBXFileReference; lastKnownFileType = sourcecode.swift; path = "TagStore.swift"; sourceTree = "<group>"; };
		BB386AE6009F482AAE652432 = {isa = PBXFileReference; lastKnownFileType = sourcecode.swift; path = "UIStateStore.swift"; sourceTree = "<group>"; };
		D52A3CF6C0A74F34A39F365C = {isa = PBXFileReference; explicitFileType = wrapper.cfbundle; includeInIndex = 0; path = GyrusTests.xctest; sourceTree = BUILT_PRODUCTS_DIR; };
		9E1495CE9EC2477C9168005C = {isa = PBXFileReference; lastKnownFileType = sourcecode.swift; path = "AppStoreLogicTests.swift"; sourceTree = "<group>"; };
		D27AB5545F4F42E5A8189584 = {isa = PBXFileReference; lastKnownFileType = sourcecode.swift; path = "CollectionTreeTests.swift"; sourceTree = "<group>"; };
		EDD5BED2D4934BEDA8958219 = {isa = PBXFileReference; lastKnownFileType = sourcecode.swift; path = "ColorExtensionTests.swift"; sourceTree = "<group>"; };
		226C8DFAE6EE4FEB873E1124 = {isa = PBXFileReference; lastKnownFileType = sourcecode.swift; path = "ModelEncodingTests.swift"; sourceTree = "<group>"; };
/* End PBXFileReference section */

/* Begin PBXFrameworksBuildPhase section */
		2B2C437E2E2341369EED051E = {
			isa = PBXFrameworksBuildPhase;
			buildActionMask = 2147483647;
			files = (
			);
			runOnlyForDeploymentPostprocessing = 0;
		};
/* End PBXFrameworksBuildPhase section */

/* Begin PBXGroup section */
		992D115BCB89432A953B9E50 = {isa = PBXGroup; children = (EF2309766F4543C392C64F55, D52A3CF6C0A74F34A39F365C,); name = Products; sourceTree = "<group>"; };
		00955E35D70C47F69BC71101 = {isa = PBXGroup; children = (B631958D43F245629FAA2112, B510E99A8F1C44C6872A2480, 992D115BCB89432A953B9E50); sourceTree = "<group>"; };
		B510E99A8F1C44C6872A2480 = {
			isa = PBXGroup;
			children = (
				9E1495CE9EC2477C9168005C,
				D27AB5545F4F42E5A8189584,
				EDD5BED2D4934BEDA8958219,
				226C8DFAE6EE4FEB873E1124,
			);
			path = GyrusTests;
			sourceTree = "<group>";
		};
		4ABDF0EC354D4160AB463B0D = {
			isa = PBXGroup;
			children = (
			);
			path = "MenuBarIcon.imageset";
			sourceTree = "<group>";
		};
		D2FDA1A2C66E4B1682777F22 = {
			isa = PBXGroup;
			children = (
			);
			path = "GitHubMark.imageset";
			sourceTree = "<group>";
		};
		DCCC076C615E4F2699A143D9 = {
			isa = PBXGroup;
			children = (
			);
			path = "AppIcon.appiconset";
			sourceTree = "<group>";
		};
		59EA29566FD14ED1B12DE313 = {
			isa = PBXGroup;
			children = (
				DCCC076C615E4F2699A143D9,
				D2FDA1A2C66E4B1682777F22,
				4ABDF0EC354D4160AB463B0D,
			);
			path = "Assets.xcassets";
			sourceTree = "<group>";
		};
		FE31754E426D49B5BCC018F4 = {
			isa = PBXGroup;
			children = (
				DE2E442A309640F782D15108,
			);
			path = "CommandPalette";
			sourceTree = "<group>";
		};
		2CAC3B083F1445CBAD8B9047 = {
			isa = PBXGroup;
			children = (
				B99B1B664FDA4980881EA131,
				53B12CE1915A4CE09A02CDFF,
				C180FEA7134C4238B825EE59,
				18EBF107C51B48399E51B09F,
				9524B6B1483148D7BA3824D6,
			);
			path = "BookmarkList";
			sourceTree = "<group>";
		};
		287D518236E44AE0BFBB364F = {
			isa = PBXGroup;
			children = (
				FE8EEE82B3C8458188317476,
				7F31012FCC9E46108E88EDC3,
				9B04F6D11FA14D7BB301F393,
			);
			path = "PreviewPanel";
			sourceTree = "<group>";
		};
		DE9993F35C25412A951478BD = {
			isa = PBXGroup;
			children = (
				7E919050569B49D087C607DB,
			);
			path = "Onboarding";
			sourceTree = "<group>";
		};
		E466664F92C44DB9A76C6D80 = {
			isa = PBXGroup;
			children = (
				B7D1F1E6EA4346108379E899,
			);
			path = "QuickAdd";
			sourceTree = "<group>";
		};
		E436478FEF5F441198936CDF = {
			isa = PBXGroup;
			children = (
				E1A142D0CD6F494A8065D70A,
				5C0EC002EEC044E1A0A932A3,
				D928560C1DBD4629B8694606,
			);
			path = "Settings";
			sourceTree = "<group>";
		};
		2D30918BF6264FEDBC4212BE = {
			isa = PBXGroup;
			children = (
				A296107B91B4443383C292E4,
				FC8A063C3E3646B684DC60C7,
			);
			path = "Sidebar";
			sourceTree = "<group>";
		};
		FE07912C89A14F4BAED6A4A4 = {
			isa = PBXGroup;
			children = (
			);
			path = "Startup";
			sourceTree = "<group>";
		};
		E3CFF6CCE649439EAD3FB641 = {
			isa = PBXGroup;
			children = (
				EB2C61654EB0492B8DC9FC4E,
			);
			path = "Export";
			sourceTree = "<group>";
		};
		5FB6F91B2EBC4FF5B7E75684 = {
			isa = PBXGroup;
			children = (
				604AE07935964944835D77CE,
				F66DCEB22B3F47B2B5DE58A0,
			);
			path = "Import";
			sourceTree = "<group>";
		};
		EC62A9CD447F48AEAB78BC02 = {
			isa = PBXGroup;
			children = (
				91FEC950C129446496E6A481,
				BE1A46C5A23D4458B71E142E,
				09A257377B754496BA5A974F,
				59EA29566FD14ED1B12DE313,
			);
			path = "Resources";
			sourceTree = "<group>";
		};
		4F9BB8CD65FD40419E5B0E71 = {
			isa = PBXGroup;
			children = (
				960E13B7B9274F66B85E49FD,
				C095A7E91A9E462F8BE6A701,
				8518E6FEC9874464833F4B16,
				D4A43294253D4756AE2D963C,
			);
			path = "Utilities";
			sourceTree = "<group>";
		};
		B9D6BFF0DC254CB5BC5EBCA8 = {
			isa = PBXGroup;
			children = (
				97518240F2164D92A8221D28,
				4A0AB7144B764341B122864E,
				84377AA6C97D4A13A218FBD2,
				86DE166687F44C2CB6FC6C52,
				54557C5311024526BECF3ACA,
				B695E9A96BA1490FA4F55A58,
				C8A60291D0EA45008481A7BB,
				E048784581924845A9FD449F,
				BEE11EC63B6B4C749DF6AD38,
				BB386AE6009F482AAE652432,
			);
			path = "Services";
			sourceTree = "<group>";
		};
		387F284E4E5540F7B16E5760 = {
			isa = PBXGroup;
			children = (
				DBD0F5EAE7AF4A58A93FA6A2,
				171CEAAF9D4C4AB5B737682F,
				7BB8E244BC7845D997D241F5,
				119E6AC16A46444F9884DDCD,
			);
			path = "Models";
			sourceTree = "<group>";
		};
		D721EE3AE68B4458920D24E5 = {
			isa = PBXGroup;
			children = (
				2CAC3B083F1445CBAD8B9047,
				FE31754E426D49B5BCC018F4,
				E3CFF6CCE649439EAD3FB641,
				5FB6F91B2EBC4FF5B7E75684,
				DE9993F35C25412A951478BD,
				287D518236E44AE0BFBB364F,
				E466664F92C44DB9A76C6D80,
				E436478FEF5F441198936CDF,
				2D30918BF6264FEDBC4212BE,
				FE07912C89A14F4BAED6A4A4,
				FEB1B057EE16481E97130F51,
			);
			path = "Views";
			sourceTree = "<group>";
		};
		B631958D43F245629FAA2112 = {
			isa = PBXGroup;
			children = (
				387F284E4E5540F7B16E5760,
				EC62A9CD447F48AEAB78BC02,
				B9D6BFF0DC254CB5BC5EBCA8,
				4F9BB8CD65FD40419E5B0E71,
				D721EE3AE68B4458920D24E5,
				DCD73132E42444C2974FB188,
				DC8CA60B51EF4D6F888B6908,
			);
			path = "Gyrus";
			sourceTree = "<group>";
		};
/* End PBXGroup section */

/* Begin PBXNativeTarget section */
		63425E18CD6943CC8800CD39 = {
			isa = PBXNativeTarget;
			buildConfigurationList = E3CDD7F298814D3C8A18B5C2;
			buildPhases = (
				06E25FF8F035442DB0D67F36,
				2B2C437E2E2341369EED051E,
				817124EB19B74C2F83AC971E,
				CEC48D1934514A118E6E6A0F,
			);
			buildRules = (
			);
			dependencies = (
			);
			name = Gyrus;
			productName = Gyrus;
			productReference = EF2309766F4543C392C64F55;
			productType = "com.apple.product-type.application";
		};
		EAC18B0CC84842D0A39AFE59 = {
			isa = PBXNativeTarget;
			buildConfigurationList = CB9235B2AA8744FA9B3F4992;
			buildPhases = (
				611D6FB9805045619DD1253F,
			);
			buildRules = (
			);
			dependencies = (
				CB1BEF30E2A241C294A1523E,
			);
			name = GyrusTests;
			productName = GyrusTests;
			productReference = D52A3CF6C0A74F34A39F365C;
			productType = "com.apple.product-type.bundle.unit-test";
		};
/* End PBXNativeTarget section */

/* Begin PBXProject section */
		7E47108F7B0645A5AD39B23A = {
			isa = PBXProject;
			attributes = {
				BuildIndependentTargetsInParallel = 1;
				LastSwiftUpdateCheck = 2650;
				LastUpgradeCheck = 2650;
				TargetAttributes = {
					63425E18CD6943CC8800CD39 = {
						CreatedOnToolsVersion = 15.0;
					};
					EAC18B0CC84842D0A39AFE59 = {
						CreatedOnToolsVersion = 15.0;
						TestTargetID = 63425E18CD6943CC8800CD39;
					};
				};
			};
			buildConfigurationList = 1E564D0295B143479BAB8DA0;
			compatibilityVersion = "Xcode 14.0";
			developmentRegion = en;
			hasScannedForEncodings = 0;
			knownRegions = (
				en,
				de,
				Base,
			);
			mainGroup = 00955E35D70C47F69BC71101;
			productRefGroup = 992D115BCB89432A953B9E50;
			projectDirPath = "";
			projectRoot = "";
			targets = (
				63425E18CD6943CC8800CD39,
				EAC18B0CC84842D0A39AFE59,
			);
		};
/* End PBXProject section */

/* Begin PBXResourcesBuildPhase section */
		817124EB19B74C2F83AC971E = {
			isa = PBXResourcesBuildPhase;
			buildActionMask = 2147483647;
			files = (
				9EFE17BCA03E47AEB2E9E2BD,
				7B348710F470440D8C9EEE86,
			);
			runOnlyForDeploymentPostprocessing = 0;
		};
/* End PBXResourcesBuildPhase section */

/* Begin PBXShellScriptBuildPhase section */
		CEC48D1934514A118E6E6A0F = {
			isa = PBXShellScriptBuildPhase;
			alwaysOutOfDate = 1;
			buildActionMask = 2147483647;
			files = (
			);
			inputPaths = (
				"$(SRCROOT)/backend",
			);
			name = "Bundle Python Backend";
			outputPaths = (
				"$(BUILT_PRODUCTS_DIR)/$(UNLOCALIZED_RESOURCES_FOLDER_PATH)/backend",
			);
			runOnlyForDeploymentPostprocessing = 0;
			shellPath = /bin/sh;
			shellScript = "rsync -a --delete --exclude 'venv' --exclude '__pycache__' --exclude '*.pyc' --exclude '*.db' --exclude '*.db-wal' --exclude '*.db-shm' --exclude '.DS_Store' \"${SRCROOT}/backend/\" \"${BUILT_PRODUCTS_DIR}/${UNLOCALIZED_RESOURCES_FOLDER_PATH}/backend/\"\nmkdir -p \"${BUILT_PRODUCTS_DIR}/${UNLOCALIZED_RESOURCES_FOLDER_PATH}/en.lproj\"";
		};
/* End PBXShellScriptBuildPhase section */

/* Begin PBXSourcesBuildPhase section */
		06E25FF8F035442DB0D67F36 = {
			isa = PBXSourcesBuildPhase;
			buildActionMask = 2147483647;
			files = (
				116647BD31A048589FA08867,
				9AB52614F3AB41558F0DC372,
				F8514137A15D45D7919A72CE,
				5C635AFABC3A4123B0077699,
				C6EE7EE6B4824FDF8F486AE0,
				5DAD8558EF7D425B980FF89C,
				621286F50AF341EAB6F31D26,
				78E67B5D769B492B8EA1DB44,
				99C172A831AB46389A6EE972,
				DC6A37E1C8884090BE67EAD9,
				FC894CD8A1074F629C1E5772,
				EC4E1F619AB7487195F6BADA,
				5E71F2CA1DA14D15A0B887C9,
				D667FE7CD7EA4106B70D322C,
				16DAA7DFFA43452197C7A384,
				B7C1DB668E604EB483C481A7,
				BDB74FC3A0F94ED2922F1588,
				4AE7A5CF544C43418E48EBA5,
				0F366770DC494EAD891CB8DB,
				6CEDFCBD07994481B973E0F7,
				467CDEEE358747A2B51D2FAB,
				9B95BA3017334ADD81F3584D,
				F9FE876B3CC6404499019054,
				CEAD0936DFD845D499604AA7,
				BEE22546266041A2B41B8E7C,
				1EF0E86C248D4BE1A083FDD4,
				0F38444D869744769B81DF03,
				CF9D2A66C4FC4865826CF16A,
				2EC1B99CAF564446A496B1F9,
				9EB3B6AA0D214EF480FE828A,
				21D014183D83412EA4FCAF77,
				5450E2D626D64F748A5F96CA,
				03C9715E37FE4F8CB0EA7AEF,
				E5D3FA586FED4D019B369D0D,
				CD56AA0B7CF3471DAB7B05D3,
				2192A2026A4A4C948232D62E,
				0DFA1A0B245748C4B096C6F4,
				19CE453EF21949E98ABD452D,
				CBF2CBAE30674C6188547167,
				D798B695592341559BC49903,
			);
			runOnlyForDeploymentPostprocessing = 0;
		};
		611D6FB9805045619DD1253F = {
			isa = PBXSourcesBuildPhase;
			buildActionMask = 2147483647;
			files = (
				D3E1F443AD904602BFACBB17,
				ACAE029FE10A42BB98185EF4,
				AFF97C824EFE4F6787486022,
				B57223464AFE4458B1DC0ECD,
			);
			runOnlyForDeploymentPostprocessing = 0;
		};
/* End PBXSourcesBuildPhase section */

/* Begin PBXTargetDependency section */
		CB1BEF30E2A241C294A1523E = {
			isa = PBXTargetDependency;
			target = 63425E18CD6943CC8800CD39;
			targetProxy = E13A9F19D9E84B1F96D5C745;
		};
/* End PBXTargetDependency section */

/* Begin PBXContainerItemProxy section */
		E13A9F19D9E84B1F96D5C745 = {
			isa = PBXContainerItemProxy;
			containerPortal = 7E47108F7B0645A5AD39B23A;
			proxyType = 1;
			remoteGlobalIDString = 63425E18CD6943CC8800CD39;
			remoteInfo = Gyrus;
		};
/* End PBXContainerItemProxy section */

/* Begin XCBuildConfiguration section */
		CC3A5ADB516B4E869B6B9D4E = {
			isa = XCBuildConfiguration;
			buildSettings = {
				ASSETS_CATALOG_COMPILER_OPTIMIZATION = space;
				APP_SANDBOX_ENABLED = NO;
				ASSETCATALOG_COMPILER_APPICON_NAME = AppIcon;
				COMBINE_HIDPI_IMAGES = YES;
				CURRENT_PROJECT_VERSION = 4;
				GENERATE_INFOPLIST_FILE = NO;
				INFOPLIST_FILE = Gyrus/Resources/Info.plist;
				LD_RUNPATH_SEARCH_PATHS = "@executable_path/../Frameworks";
				MACOSX_DEPLOYMENT_TARGET = 26.0;
				MARKETING_VERSION = 1.2.1;
				PRODUCT_BUNDLE_IDENTIFIER = "com.gyrus.app";
				PRODUCT_NAME = "$(TARGET_NAME)";
				SDKROOT = macosx;
				SUPPORTED_PLATFORMS = macosx;
				SWIFT_EMIT_LOC_STRINGS = YES;
				SWIFT_VERSION = 5.9;
			};
			name = Debug;
		};
		9E374C7BD1374075A1F7B091 = {
			isa = XCBuildConfiguration;
			buildSettings = {
				ASSETS_CATALOG_COMPILER_OPTIMIZATION = space;
				APP_SANDBOX_ENABLED = NO;
				ASSETCATALOG_COMPILER_APPICON_NAME = AppIcon;
				COMBINE_HIDPI_IMAGES = YES;
				CURRENT_PROJECT_VERSION = 4;
				GENERATE_INFOPLIST_FILE = NO;
				INFOPLIST_FILE = Gyrus/Resources/Info.plist;
				LD_RUNPATH_SEARCH_PATHS = "@executable_path/../Frameworks";
				MACOSX_DEPLOYMENT_TARGET = 26.0;
				MARKETING_VERSION = 1.2.1;
				PRODUCT_BUNDLE_IDENTIFIER = "com.gyrus.app";
				PRODUCT_NAME = "$(TARGET_NAME)";
				SDKROOT = macosx;
				SUPPORTED_PLATFORMS = macosx;
				SWIFT_EMIT_LOC_STRINGS = YES;
				SWIFT_VERSION = 5.9;
			};
			name = Release;
		};
		952C4BD4A97542ACA76BF956 = {
			isa = XCBuildConfiguration;
			buildSettings = {
				ALWAYS_SEARCH_USER_PATHS = NO;
				CLANG_ANALYZER_NONNULL = YES;
				CLANG_CXX_LANGUAGE_STANDARD = "gnu++17";
				CLANG_ENABLE_MODULES = YES;
				CLANG_ENABLE_OBJC_ARC = YES;
				COPY_PHASE_STRIP = NO;
				DEBUG_INFORMATION_FORMAT = dwarf;
				ENABLE_STRICT_OBJC_MSGSEND = YES;
				ENABLE_USER_SCRIPT_SANDBOXING = NO;
				DEAD_CODE_STRIPPING = YES;
				CLANG_ANALYZER_LOCALIZABILITY_NONLOCALIZED = YES;
				ENABLE_TESTABILITY = YES;
				GCC_C_LANGUAGE_STANDARD = gnu11;
				GCC_DYNAMIC_NO_PIC = NO;
				GCC_OPTIMIZATION_LEVEL = 0;
				GCC_PREPROCESSOR_DEFINITIONS = (
					"DEBUG=1",
					"$(inherited)",
				);
				MACOSX_DEPLOYMENT_TARGET = 26.0;
				MTL_ENABLE_DEBUG_INFO = INCLUDE_SOURCE;
				MTL_FAST_MATH = YES;
				ONLY_ACTIVE_ARCH = YES;
				SDKROOT = macosx;
				SWIFT_ACTIVE_COMPILATION_CONDITIONS = DEBUG;
				SWIFT_OPTIMIZATION_LEVEL = "-Onone";
			};
			name = Debug;
		};
		6171F17714F64218B0A14DDA = {
			isa = XCBuildConfiguration;
			buildSettings = {
				ALWAYS_SEARCH_USER_PATHS = NO;
				CLANG_ANALYZER_NONNULL = YES;
				CLANG_CXX_LANGUAGE_STANDARD = "gnu++17";
				CLANG_ENABLE_MODULES = YES;
				CLANG_ENABLE_OBJC_ARC = YES;
				COPY_PHASE_STRIP = NO;
				DEBUG_INFORMATION_FORMAT = "dwarf-with-dsym";
				ENABLE_NS_ASSERTIONS = NO;
				ENABLE_STRICT_OBJC_MSGSEND = YES;
				ENABLE_USER_SCRIPT_SANDBOXING = NO;
				DEAD_CODE_STRIPPING = YES;
				CLANG_ANALYZER_LOCALIZABILITY_NONLOCALIZED = YES;
				GCC_C_LANGUAGE_STANDARD = gnu11;
				GCC_OPTIMIZATION_LEVEL = s;
				MACOSX_DEPLOYMENT_TARGET = 26.0;
				MTL_ENABLE_DEBUG_INFO = NO;
				MTL_FAST_MATH = YES;
				SDKROOT = macosx;
				SWIFT_COMPILATION_MODE = wholemodule;
				SWIFT_OPTIMIZATION_LEVEL = "-O";
			};
			name = Release;
		};
		92AA75661D9B436CBAA92E20 = {
			isa = XCBuildConfiguration;
			buildSettings = {
				BUNDLE_LOADER = "$(TEST_HOST)";
				GENERATE_INFOPLIST_FILE = YES;
				MACOSX_DEPLOYMENT_TARGET = 26.0;
				PRODUCT_BUNDLE_IDENTIFIER = "com.gyrus.app.tests";
				PRODUCT_NAME = "$(TARGET_NAME)";
				SDKROOT = macosx;
				SWIFT_EMIT_LOC_STRINGS = NO;
				SWIFT_VERSION = 5.9;
				TEST_HOST = "$(BUILT_PRODUCTS_DIR)/Gyrus.app/Contents/MacOS/Gyrus";
			};
			name = Debug;
		};
		EBB8C3719CC2424D8E1BA3F1 = {
			isa = XCBuildConfiguration;
			buildSettings = {
				BUNDLE_LOADER = "$(TEST_HOST)";
				GENERATE_INFOPLIST_FILE = YES;
				MACOSX_DEPLOYMENT_TARGET = 26.0;
				PRODUCT_BUNDLE_IDENTIFIER = "com.gyrus.app.tests";
				PRODUCT_NAME = "$(TARGET_NAME)";
				SDKROOT = macosx;
				SWIFT_EMIT_LOC_STRINGS = NO;
				SWIFT_VERSION = 5.9;
				TEST_HOST = "$(BUILT_PRODUCTS_DIR)/Gyrus.app/Contents/MacOS/Gyrus";
			};
			name = Release;
		};
/* End XCBuildConfiguration section */

/* Begin XCConfigurationList section */
		1E564D0295B143479BAB8DA0 = {
			isa = XCConfigurationList;
			buildConfigurations = (
				952C4BD4A97542ACA76BF956,
				6171F17714F64218B0A14DDA,
			);
			defaultConfigurationIsVisible = 0;
			defaultConfigurationName = Release;
		};
		E3CDD7F298814D3C8A18B5C2 = {
			isa = XCConfigurationList;
			buildConfigurations = (
				CC3A5ADB516B4E869B6B9D4E,
				9E374C7BD1374075A1F7B091,
			);
			defaultConfigurationIsVisible = 0;
			defaultConfigurationName = Release;
		};
		CB9235B2AA8744FA9B3F4992 = {
			isa = XCConfigurationList;
			buildConfigurations = (
				92AA75661D9B436CBAA92E20,
				EBB8C3719CC2424D8E1BA3F1,
			);
			defaultConfigurationIsVisible = 0;
			defaultConfigurationName = Release;
		};
/* End XCConfigurationList section */
	};
	rootObject = 7E47108F7B0645A5AD39B23A;
}
