// !$*UTF8*$!
{
	archiveVersion = 1;
	classes = {
	};
	objectVersion = 56;
	objects = {

/* Begin PBXBuildFile section */
		FEDA657FD7184FCCB6AAA456 = {isa = PBXBuildFile; fileRef = E5320ABD22814F71B422DAE6; };
		081E9A5D152149EBA2819F8A = {isa = PBXBuildFile; fileRef = BA670B27954E46BFAC5ECBD6; };
		DEF913E788784CC48539F192 = {isa = PBXBuildFile; fileRef = 176C20D466E144058E5B36C4; };
		43CC33F080E541CD87E032D6 = {isa = PBXBuildFile; fileRef = B9C96D4140C24644B8DEE445; };
		BAF9D1BFC3D44DA3AD6B2CAB = {isa = PBXBuildFile; fileRef = 99364EA57B1C4BCFB5B1441E; };
		C16D21C8E07846CEBD73C608 = {isa = PBXBuildFile; fileRef = 83729D11A47644A990BF41C5; };
		2F3394C3E47C4DF2B5BB93B7 = {isa = PBXBuildFile; fileRef = 03D37788EC2F406D9C102FD2; };
		CD76F853A8AC4E85BB2FE16A = {isa = PBXBuildFile; fileRef = B9ECDD0B5C494B589BBF00C3; };
		F2517DDA294F4AA4AE4F9CFE = {isa = PBXBuildFile; fileRef = F93736F073214EF3A557449D; };
		A1ADE0AC80E447D1A8AA6EAF = {isa = PBXBuildFile; fileRef = 945752062C494E65B01D01F6; };
		E006A425E3D74D12A1CA1A23 = {isa = PBXBuildFile; fileRef = C45CBF069D8842EAAA62280F; };
		2B48EC2BB3D749938CCB67D8 = {isa = PBXBuildFile; fileRef = 9D9EEA5476E4484D90D5BCFB; };
		E0C36B7E0752440692D3B524 = {isa = PBXBuildFile; fileRef = 115F51ABDB8F4BB59C344FA5; };
		2F88FA2EA9AC45FBB73AE460 = {isa = PBXBuildFile; fileRef = 9231C59B10A642E6AFF90893; };
		DEBEBFA2547B4DC4AEBC3527 = {isa = PBXBuildFile; fileRef = DA0F1A155C3349F883ADBB25; };
		B7EF66DEB2004354A8F0B02D = {isa = PBXBuildFile; fileRef = 43AC2C3E024E43CBB77514EB; };
		BDE198BAC2714EF3B5247288 = {isa = PBXBuildFile; fileRef = 9EDB4EC2B93246618832751A; };
		CE60B17209184BCF8CBF08FA = {isa = PBXBuildFile; fileRef = 006332EEFB2343C5AEBBF735; };
		DBCCDEB2BE8842F4B9918420 = {isa = PBXBuildFile; fileRef = CA97E8BE5BD2498FB4EC3960; };
		C144437C2CD341C38E4D2467 = {isa = PBXBuildFile; fileRef = 3CFA4DA608714E0A98DA8CD8; };
		C10CA7E0957B4048994B5CEF = {isa = PBXBuildFile; fileRef = 4DE9D5C7E6DF433D95283270; };
		B46EE65E5BC749248E30CD1F = {isa = PBXBuildFile; fileRef = 781E7F47D5314214BDB0FDDC; };
		3BE2D6BA9E75420C90C2B8BA = {isa = PBXBuildFile; fileRef = C7B228301CF64C8B97D920BF; };
		B785C43D6F4845918E979795 = {isa = PBXBuildFile; fileRef = A1A8DA1488224B508B0B8DDE; };
		E787C30B34BC4146BAA03EB6 = {isa = PBXBuildFile; fileRef = 07FCA588BD204E19BDDB3FCB; };
		08D77207DB52485D91E9E77B = {isa = PBXBuildFile; fileRef = 7FFD8B2009004595B9B2BF08; };
		E66CED5FFDF04A9EAB656CF4 = {isa = PBXBuildFile; fileRef = E295EAB7F54D4F5CA401F95F; };
		BD3499EB056C415EBC711212 = {isa = PBXBuildFile; fileRef = 686949CB4BF3464B9A255097; };
		72FD29A745AE4719AB4AB3E3 = {isa = PBXBuildFile; fileRef = 27BEECBF59C04BA390F7A9E1; };
		1CC173F9E5754AD6AAFDD49B = {isa = PBXBuildFile; fileRef = 2160915E08474F09A5F25327; };
		CACE0FCB42E649E5AB6C8AC9 = {isa = PBXBuildFile; fileRef = 20112D651E1E4CFDB80B7439; };
		C583CFA724014A9F927FB6F1 = {isa = PBXBuildFile; fileRef = 37E8DF1B34D34585ABFCC39C; };
		46D61386B84644FC90FA6D25 = {isa = PBXBuildFile; fileRef = 6A125F9F3E244A2FB007F2AF; };
		474DE0D512A145C8A838C45A = {isa = PBXBuildFile; fileRef = EE8D0215B0154F389776F377; };
		A05CAAC186C64415998F922F = {isa = PBXBuildFile; fileRef = 9B592238615E4ABEB521EEB1; };
		772A3C86098041A09E7B77B5 = {isa = PBXBuildFile; fileRef = 19C879BB864747AFB39247C1; };
		44683F8D96854DB1B888399E = {isa = PBXBuildFile; fileRef = 3122C1E29AB349239DB7A124; };
		E0426E50AA3543E2A44CD65E = {isa = PBXBuildFile; fileRef = 89826DF22192448E893B178A; };
		4813161B927A42F2BC2D5E9B = {isa = PBXBuildFile; fileRef = 3CFC8EB62D334A6D8F92370F; };
		DADCCB26E3DA4EA492EE581E = {isa = PBXBuildFile; fileRef = 9468CA11E6094926AC8152B5; };
		49AE1D3D0042419C9CBDFF9C = {isa = PBXBuildFile; fileRef = 175BB4CEA0B14E398407ADEA; };
		7E94E33479884FE1ABB46F5A = {isa = PBXBuildFile; fileRef = B376128675CB420EAF7CDABA; };
		CC3F2889025C44BD90A8EE4C = {isa = PBXBuildFile; fileRef = 99A7C28C40A14DBF9FB5D761; };
		8DA88A04C3D54AD6A4DE4DAD = {isa = PBXBuildFile; fileRef = EF9D62E5C6FD40C7A5C445A6; };
		5E49CD202F1C4D75BDE6D776 = {isa = PBXBuildFile; fileRef = 1FAA977162DE4C4EBCFA9DF0; };
/* End PBXBuildFile section */

/* Begin PBXFileReference section */
		E5320ABD22814F71B422DAE6 = {isa = PBXFileReference; lastKnownFileType = folder.assetcatalog; path = Assets.xcassets; sourceTree = "<group>"; };
		B9AE7442801D4298B36E3D32 = {isa = PBXFileReference; lastKnownFileType = text.plist.xml; path = Info.plist; sourceTree = "<group>"; };
		BA670B27954E46BFAC5ECBD6 = {isa = PBXFileReference; lastKnownFileType = text.json.xcstrings; path = Localizable.xcstrings; sourceTree = "<group>"; };
		4C877E5556E4426CA44A1978 = {isa = PBXFileReference; explicitFileType = wrapper.application; includeInIndex = 0; path = Gyrus.app; sourceTree = BUILT_PRODUCTS_DIR; };
		176C20D466E144058E5B36C4 = {isa = PBXFileReference; lastKnownFileType = sourcecode.swift; path = "ContentView.swift"; sourceTree = "<group>"; };
		B9C96D4140C24644B8DEE445 = {isa = PBXFileReference; lastKnownFileType = sourcecode.swift; path = "GyrusApp.swift"; sourceTree = "<group>"; };
		99364EA57B1C4BCFB5B1441E = {isa = PBXFileReference; lastKnownFileType = sourcecode.swift; path = "AIBrainConfig.swift"; sourceTree = "<group>"; };
		83729D11A47644A990BF41C5 = {isa = PBXFileReference; lastKnownFileType = sourcecode.swift; path = "Bookmark.swift"; sourceTree = "<group>"; };
		03D37788EC2F406D9C102FD2 = {isa = PBXFileReference; lastKnownFileType = sourcecode.swift; path = "Collection.swift"; sourceTree = "<group>"; };
		B9ECDD0B5C494B589BBF00C3 = {isa = PBXFileReference; lastKnownFileType = sourcecode.swift; path = "Tag.swift"; sourceTree = "<group>"; };
		F93736F073214EF3A557449D = {isa = PBXFileReference; lastKnownFileType = sourcecode.swift; path = "ColorExtension.swift"; sourceTree = "<group>"; };
		945752062C494E65B01D01F6 = {isa = PBXFileReference; lastKnownFileType = sourcecode.swift; path = "FlowLayout.swift"; sourceTree = "<group>"; };
		C45CBF069D8842EAAA62280F = {isa = PBXFileReference; lastKnownFileType = sourcecode.swift; path = "GlobalHotkey.swift"; sourceTree = "<group>"; };
		9D9EEA5476E4484D90D5BCFB = {isa = PBXFileReference; lastKnownFileType = sourcecode.swift; path = "KeychainHelper.swift"; sourceTree = "<group>"; };
		115F51ABDB8F4BB59C344FA5 = {isa = PBXFileReference; lastKnownFileType = sourcecode.swift; path = "StartupView.swift"; sourceTree = "<group>"; };
		9231C59B10A642E6AFF90893 = {isa = PBXFileReference; lastKnownFileType = sourcecode.swift; path = "SidebarOutlineView.swift"; sourceTree = "<group>"; };
		DA0F1A155C3349F883ADBB25 = {isa = PBXFileReference; lastKnownFileType = sourcecode.swift; path = "SidebarView.swift"; sourceTree = "<group>"; };
		43AC2C3E024E43CBB77514EB = {isa = PBXFileReference; lastKnownFileType = sourcecode.swift; path = "AISettingsView.swift"; sourceTree = "<group>"; };
		9EDB4EC2B93246618832751A = {isa = PBXFileReference; lastKnownFileType = sourcecode.swift; path = "HotkeyRecorder.swift"; sourceTree = "<group>"; };
		006332EEFB2343C5AEBBF735 = {isa = PBXFileReference; lastKnownFileType = sourcecode.swift; path = "SettingsView.swift"; sourceTree = "<group>"; };
		CA97E8BE5BD2498FB4EC3960 = {isa = PBXFileReference; lastKnownFileType = sourcecode.swift; path = "AIBrainTabView.swift"; sourceTree = "<group>"; };
		3CFA4DA608714E0A98DA8CD8 = {isa = PBXFileReference; lastKnownFileType = sourcecode.swift; path = "PreviewPanelView.swift"; sourceTree = "<group>"; };
		4DE9D5C7E6DF433D95283270 = {isa = PBXFileReference; lastKnownFileType = sourcecode.swift; path = "WebPreviewView.swift"; sourceTree = "<group>"; };
		781E7F47D5314214BDB0FDDC = {isa = PBXFileReference; lastKnownFileType = sourcecode.swift; path = "BookmarkCardView.swift"; sourceTree = "<group>"; };
		C7B228301CF64C8B97D920BF = {isa = PBXFileReference; lastKnownFileType = sourcecode.swift; path = "BookmarkContextMenu.swift"; sourceTree = "<group>"; };
		A1A8DA1488224B508B0B8DDE = {isa = PBXFileReference; lastKnownFileType = sourcecode.swift; path = "BookmarkGridView.swift"; sourceTree = "<group>"; };
		07FCA588BD204E19BDDB3FCB = {isa = PBXFileReference; lastKnownFileType = sourcecode.swift; path = "BookmarkListView.swift"; sourceTree = "<group>"; };
		7FFD8B2009004595B9B2BF08 = {isa = PBXFileReference; lastKnownFileType = sourcecode.swift; path = "BookmarkTableView.swift"; sourceTree = "<group>"; };
		E295EAB7F54D4F5CA401F95F = {isa = PBXFileReference; lastKnownFileType = sourcecode.swift; path = "CommandPaletteView.swift"; sourceTree = "<group>"; };
		686949CB4BF3464B9A255097 = {isa = PBXFileReference; lastKnownFileType = sourcecode.swift; path = "ExportSheet.swift"; sourceTree = "<group>"; };
		27BEECBF59C04BA390F7A9E1 = {isa = PBXFileReference; lastKnownFileType = sourcecode.swift; path = "AddBookmarkView.swift"; sourceTree = "<group>"; };
		2160915E08474F09A5F25327 = {isa = PBXFileReference; lastKnownFileType = sourcecode.swift; path = "ImportWizardView.swift"; sourceTree = "<group>"; };
		20112D651E1E4CFDB80B7439 = {isa = PBXFileReference; lastKnownFileType = sourcecode.swift; path = "BrainOnboardingView.swift"; sourceTree = "<group>"; };
		37E8DF1B34D34585ABFCC39C = {isa = PBXFileReference; lastKnownFileType = sourcecode.swift; path = "APIClient.swift"; sourceTree = "<group>"; };
		6A125F9F3E244A2FB007F2AF = {isa = PBXFileReference; lastKnownFileType = sourcecode.swift; path = "AppSettings.swift"; sourceTree = "<group>"; };
		EE8D0215B0154F389776F377 = {isa = PBXFileReference; lastKnownFileType = sourcecode.swift; path = "AppStore.swift"; sourceTree = "<group>"; };
		9B592238615E4ABEB521EEB1 = {isa = PBXFileReference; lastKnownFileType = sourcecode.swift; path = "BackendLauncher.swift"; sourceTree = "<group>"; };
		19C879BB864747AFB39247C1 = {isa = PBXFileReference; lastKnownFileType = sourcecode.swift; path = "BookmarkStore.swift"; sourceTree = "<group>"; };
		3122C1E29AB349239DB7A124 = {isa = PBXFileReference; lastKnownFileType = sourcecode.swift; path = "BrainChatStore.swift"; sourceTree = "<group>"; };
		89826DF22192448E893B178A = {isa = PBXFileReference; lastKnownFileType = sourcecode.swift; path = "CollectionStore.swift"; sourceTree = "<group>"; };
		3CFC8EB62D334A6D8F92370F = {isa = PBXFileReference; lastKnownFileType = sourcecode.swift; path = "Config.swift"; sourceTree = "<group>"; };
		9468CA11E6094926AC8152B5 = {isa = PBXFileReference; lastKnownFileType = sourcecode.swift; path = "TagStore.swift"; sourceTree = "<group>"; };
		175BB4CEA0B14E398407ADEA = {isa = PBXFileReference; lastKnownFileType = sourcecode.swift; path = "UIStateStore.swift"; sourceTree = "<group>"; };
		F3F6455C7E9B4D4796D6C9F5 = {isa = PBXFileReference; explicitFileType = wrapper.cfbundle; includeInIndex = 0; path = GyrusTests.xctest; sourceTree = BUILT_PRODUCTS_DIR; };
		B376128675CB420EAF7CDABA = {isa = PBXFileReference; lastKnownFileType = sourcecode.swift; path = "AppStoreLogicTests.swift"; sourceTree = "<group>"; };
		99A7C28C40A14DBF9FB5D761 = {isa = PBXFileReference; lastKnownFileType = sourcecode.swift; path = "CollectionTreeTests.swift"; sourceTree = "<group>"; };
		EF9D62E5C6FD40C7A5C445A6 = {isa = PBXFileReference; lastKnownFileType = sourcecode.swift; path = "ColorExtensionTests.swift"; sourceTree = "<group>"; };
		1FAA977162DE4C4EBCFA9DF0 = {isa = PBXFileReference; lastKnownFileType = sourcecode.swift; path = "ModelEncodingTests.swift"; sourceTree = "<group>"; };
/* End PBXFileReference section */

/* Begin PBXFrameworksBuildPhase section */
		383F35FDA64242069B23380D = {
			isa = PBXFrameworksBuildPhase;
			buildActionMask = 2147483647;
			files = (
			);
			runOnlyForDeploymentPostprocessing = 0;
		};
/* End PBXFrameworksBuildPhase section */

/* Begin PBXGroup section */
		D0E40897EE97446988F8096A = {isa = PBXGroup; children = (4C877E5556E4426CA44A1978, F3F6455C7E9B4D4796D6C9F5,); name = Products; sourceTree = "<group>"; };
		85B6651094F24FF6AFF917B3 = {isa = PBXGroup; children = (E3782C2C68E746B3B701DF40, ED12E96687804B0B9524E52B, D0E40897EE97446988F8096A); sourceTree = "<group>"; };
		ED12E96687804B0B9524E52B = {
			isa = PBXGroup;
			children = (
				B376128675CB420EAF7CDABA,
				99A7C28C40A14DBF9FB5D761,
				EF9D62E5C6FD40C7A5C445A6,
				1FAA977162DE4C4EBCFA9DF0,
			);
			path = GyrusTests;
			sourceTree = "<group>";
		};
		DE58DF99EB5A47C3AC9FF38E = {
			isa = PBXGroup;
			children = (
			);
			path = "AppIcon.appiconset";
			sourceTree = "<group>";
		};
		A801CEE937354C93822C34F7 = {
			isa = PBXGroup;
			children = (
				DE58DF99EB5A47C3AC9FF38E,
			);
			path = "Assets.xcassets";
			sourceTree = "<group>";
		};
		BE4803BCCF4345BBB77254E7 = {
			isa = PBXGroup;
			children = (
				E295EAB7F54D4F5CA401F95F,
			);
			path = "CommandPalette";
			sourceTree = "<group>";
		};
		6584FC97CF2441BF82310B08 = {
			isa = PBXGroup;
			children = (
				781E7F47D5314214BDB0FDDC,
				C7B228301CF64C8B97D920BF,
				A1A8DA1488224B508B0B8DDE,
				07FCA588BD204E19BDDB3FCB,
				7FFD8B2009004595B9B2BF08,
			);
			path = "BookmarkList";
			sourceTree = "<group>";
		};
		9F85A59A2BB34A1DA3FFEBAD = {
			isa = PBXGroup;
			children = (
				CA97E8BE5BD2498FB4EC3960,
				3CFA4DA608714E0A98DA8CD8,
				4DE9D5C7E6DF433D95283270,
			);
			path = "PreviewPanel";
			sourceTree = "<group>";
		};
		FEEB0717C05240F4A27842B4 = {
			isa = PBXGroup;
			children = (
				20112D651E1E4CFDB80B7439,
			);
			path = "Onboarding";
			sourceTree = "<group>";
		};
		6BD29B680E5E4DCBA348E283 = {
			isa = PBXGroup;
			children = (
				43AC2C3E024E43CBB77514EB,
				9EDB4EC2B93246618832751A,
				006332EEFB2343C5AEBBF735,
			);
			path = "Settings";
			sourceTree = "<group>";
		};
		2D4FFCA91D994107889F7660 = {
			isa = PBXGroup;
			children = (
				9231C59B10A642E6AFF90893,
				DA0F1A155C3349F883ADBB25,
			);
			path = "Sidebar";
			sourceTree = "<group>";
		};
		2D114D039C8A45DA8D6631A8 = {
			isa = PBXGroup;
			children = (
			);
			path = "Startup";
			sourceTree = "<group>";
		};
		2C9BD2E93D9A45C3AD1FBE39 = {
			isa = PBXGroup;
			children = (
				686949CB4BF3464B9A255097,
			);
			path = "Export";
			sourceTree = "<group>";
		};
		A81C6008FDC045B693D800BC = {
			isa = PBXGroup;
			children = (
				27BEECBF59C04BA390F7A9E1,
				2160915E08474F09A5F25327,
			);
			path = "Import";
			sourceTree = "<group>";
		};
		11C63142E77E49FCBD196E20 = {
			isa = PBXGroup;
			children = (
				E5320ABD22814F71B422DAE6,
				B9AE7442801D4298B36E3D32,
				BA670B27954E46BFAC5ECBD6,
				A801CEE937354C93822C34F7,
			);
			path = "Resources";
			sourceTree = "<group>";
		};
		82F741887B0B4157A2C0B1D1 = {
			isa = PBXGroup;
			children = (
				F93736F073214EF3A557449D,
				945752062C494E65B01D01F6,
				C45CBF069D8842EAAA62280F,
				9D9EEA5476E4484D90D5BCFB,
			);
			path = "Utilities";
			sourceTree = "<group>";
		};
		7946581A0E804BBBA009EFCB = {
			isa = PBXGroup;
			children = (
				37E8DF1B34D34585ABFCC39C,
				6A125F9F3E244A2FB007F2AF,
				EE8D0215B0154F389776F377,
				9B592238615E4ABEB521EEB1,
				19C879BB864747AFB39247C1,
				3122C1E29AB349239DB7A124,
				89826DF22192448E893B178A,
				3CFC8EB62D334A6D8F92370F,
				9468CA11E6094926AC8152B5,
				175BB4CEA0B14E398407ADEA,
			);
			path = "Services";
			sourceTree = "<group>";
		};
		0564C7C31FF041079BE55A73 = {
			isa = PBXGroup;
			children = (
				99364EA57B1C4BCFB5B1441E,
				83729D11A47644A990BF41C5,
				03D37788EC2F406D9C102FD2,
				B9ECDD0B5C494B589BBF00C3,
			);
			path = "Models";
			sourceTree = "<group>";
		};
		B51651660D684B03B0B3A540 = {
			isa = PBXGroup;
			children = (
				6584FC97CF2441BF82310B08,
				BE4803BCCF4345BBB77254E7,
				2C9BD2E93D9A45C3AD1FBE39,
				A81C6008FDC045B693D800BC,
				FEEB0717C05240F4A27842B4,
				9F85A59A2BB34A1DA3FFEBAD,
				6BD29B680E5E4DCBA348E283,
				2D4FFCA91D994107889F7660,
				2D114D039C8A45DA8D6631A8,
				115F51ABDB8F4BB59C344FA5,
			);
			path = "Views";
			sourceTree = "<group>";
		};
		E3782C2C68E746B3B701DF40 = {
			isa = PBXGroup;
			children = (
				0564C7C31FF041079BE55A73,
				11C63142E77E49FCBD196E20,
				7946581A0E804BBBA009EFCB,
				82F741887B0B4157A2C0B1D1,
				B51651660D684B03B0B3A540,
				176C20D466E144058E5B36C4,
				B9C96D4140C24644B8DEE445,
			);
			path = "Gyrus";
			sourceTree = "<group>";
		};
/* End PBXGroup section */

/* Begin PBXNativeTarget section */
		31E7672819454F7AB5C138B9 = {
			isa = PBXNativeTarget;
			buildConfigurationList = 4387C3AA05164D6C8C97EE59;
			buildPhases = (
				5775C1FC4E4241E2B29B4ABA,
				383F35FDA64242069B23380D,
				9DA47945827E49A4B406445E,
				2E5637EABF404DC6AE4FC3CF,
			);
			buildRules = (
			);
			dependencies = (
			);
			name = Gyrus;
			productName = Gyrus;
			productReference = 4C877E5556E4426CA44A1978;
			productType = "com.apple.product-type.application";
		};
		5E79FBE45B39403BB00FA710 = {
			isa = PBXNativeTarget;
			buildConfigurationList = C03ED6D3A2D4457FBEF17514;
			buildPhases = (
				5AC8FAB7FCDA425A9FD4B6AC,
			);
			buildRules = (
			);
			dependencies = (
				5D774580B713471D8DA7C525,
			);
			name = GyrusTests;
			productName = GyrusTests;
			productReference = F3F6455C7E9B4D4796D6C9F5;
			productType = "com.apple.product-type.bundle.unit-test";
		};
/* End PBXNativeTarget section */

/* Begin PBXProject section */
		03130B41CF754CC8A7188FD7 = {
			isa = PBXProject;
			attributes = {
				BuildIndependentTargetsInParallel = 1;
				LastSwiftUpdateCheck = 2650;
				LastUpgradeCheck = 2650;
				TargetAttributes = {
					31E7672819454F7AB5C138B9 = {
						CreatedOnToolsVersion = 15.0;
					};
					5E79FBE45B39403BB00FA710 = {
						CreatedOnToolsVersion = 15.0;
						TestTargetID = 31E7672819454F7AB5C138B9;
					};
				};
			};
			buildConfigurationList = EF9E3AFD85F9411B890D4476;
			compatibilityVersion = "Xcode 14.0";
			developmentRegion = en;
			hasScannedForEncodings = 0;
			knownRegions = (
				en,
				de,
				Base,
			);
			mainGroup = 85B6651094F24FF6AFF917B3;
			productRefGroup = D0E40897EE97446988F8096A;
			projectDirPath = "";
			projectRoot = "";
			targets = (
				31E7672819454F7AB5C138B9,
				5E79FBE45B39403BB00FA710,
			);
		};
/* End PBXProject section */

/* Begin PBXResourcesBuildPhase section */
		9DA47945827E49A4B406445E = {
			isa = PBXResourcesBuildPhase;
			buildActionMask = 2147483647;
			files = (
				FEDA657FD7184FCCB6AAA456,
				081E9A5D152149EBA2819F8A,
			);
			runOnlyForDeploymentPostprocessing = 0;
		};
/* End PBXResourcesBuildPhase section */

/* Begin PBXShellScriptBuildPhase section */
		2E5637EABF404DC6AE4FC3CF = {
			isa = PBXShellScriptBuildPhase;
			alwaysOutOfDate = 1;
			buildActionMask = 2147483647;
			files = (
			);
			inputPaths = (
				"$(SRCROOT)/backend",
			);
			name = "Bundle Python Backend";
			outputPaths = (
				"$(BUILT_PRODUCTS_DIR)/$(UNLOCALIZED_RESOURCES_FOLDER_PATH)/backend",
			);
			runOnlyForDeploymentPostprocessing = 0;
			shellPath = /bin/sh;
			shellScript = "rsync -a --delete --exclude 'venv' --exclude '__pycache__' --exclude '*.pyc' --exclude '*.db' --exclude '*.db-wal' --exclude '*.db-shm' --exclude '.DS_Store' \"${SRCROOT}/backend/\" \"${BUILT_PRODUCTS_DIR}/${UNLOCALIZED_RESOURCES_FOLDER_PATH}/backend/\"";
		};
/* End PBXShellScriptBuildPhase section */

/* Begin PBXSourcesBuildPhase section */
		5775C1FC4E4241E2B29B4ABA = {
			isa = PBXSourcesBuildPhase;
			buildActionMask = 2147483647;
			files = (
				DEF913E788784CC48539F192,
				43CC33F080E541CD87E032D6,
				BAF9D1BFC3D44DA3AD6B2CAB,
				C16D21C8E07846CEBD73C608,
				2F3394C3E47C4DF2B5BB93B7,
				CD76F853A8AC4E85BB2FE16A,
				F2517DDA294F4AA4AE4F9CFE,
				A1ADE0AC80E447D1A8AA6EAF,
				E006A425E3D74D12A1CA1A23,
				2B48EC2BB3D749938CCB67D8,
				E0C36B7E0752440692D3B524,
				2F88FA2EA9AC45FBB73AE460,
				DEBEBFA2547B4DC4AEBC3527,
				B7EF66DEB2004354A8F0B02D,
				BDE198BAC2714EF3B5247288,
				CE60B17209184BCF8CBF08FA,
				DBCCDEB2BE8842F4B9918420,
				C144437C2CD341C38E4D2467,
				C10CA7E0957B4048994B5CEF,
				B46EE65E5BC749248E30CD1F,
				3BE2D6BA9E75420C90C2B8BA,
				B785C43D6F4845918E979795,
				E787C30B34BC4146BAA03EB6,
				08D77207DB52485D91E9E77B,
				E66CED5FFDF04A9EAB656CF4,
				BD3499EB056C415EBC711212,
				72FD29A745AE4719AB4AB3E3,
				1CC173F9E5754AD6AAFDD49B,
				CACE0FCB42E649E5AB6C8AC9,
				C583CFA724014A9F927FB6F1,
				46D61386B84644FC90FA6D25,
				474DE0D512A145C8A838C45A,
				A05CAAC186C64415998F922F,
				772A3C86098041A09E7B77B5,
				44683F8D96854DB1B888399E,
				E0426E50AA3543E2A44CD65E,
				4813161B927A42F2BC2D5E9B,
				DADCCB26E3DA4EA492EE581E,
				49AE1D3D0042419C9CBDFF9C,
			);
			runOnlyForDeploymentPostprocessing = 0;
		};
		5AC8FAB7FCDA425A9FD4B6AC = {
			isa = PBXSourcesBuildPhase;
			buildActionMask = 2147483647;
			files = (
				7E94E33479884FE1ABB46F5A,
				CC3F2889025C44BD90A8EE4C,
				8DA88A04C3D54AD6A4DE4DAD,
				5E49CD202F1C4D75BDE6D776,
			);
			runOnlyForDeploymentPostprocessing = 0;
		};
/* End PBXSourcesBuildPhase section */

/* Begin PBXTargetDependency section */
		5D774580B713471D8DA7C525 = {
			isa = PBXTargetDependency;
			target = 31E7672819454F7AB5C138B9;
			targetProxy = ABF636307D1F45588F163AAA;
		};
/* End PBXTargetDependency section */

/* Begin PBXContainerItemProxy section */
		ABF636307D1F45588F163AAA = {
			isa = PBXContainerItemProxy;
			containerPortal = 03130B41CF754CC8A7188FD7;
			proxyType = 1;
			remoteGlobalIDString = 31E7672819454F7AB5C138B9;
			remoteInfo = Gyrus;
		};
/* End PBXContainerItemProxy section */

/* Begin XCBuildConfiguration section */
		2629DDCF20BB4AFA925D2834 = {
			isa = XCBuildConfiguration;
			buildSettings = {
				ASSETS_CATALOG_COMPILER_OPTIMIZATION = space;
				APP_SANDBOX_ENABLED = NO;
				ASSETCATALOG_COMPILER_APPICON_NAME = AppIcon;
				COMBINE_HIDPI_IMAGES = YES;
				CURRENT_PROJECT_VERSION = 1;
				GENERATE_INFOPLIST_FILE = NO;
				INFOPLIST_FILE = Gyrus/Resources/Info.plist;
				LD_RUNPATH_SEARCH_PATHS = "@executable_path/../Frameworks";
				MACOSX_DEPLOYMENT_TARGET = 26.0;
				MARKETING_VERSION = 0.6.0;
				PRODUCT_BUNDLE_IDENTIFIER = "com.gyrus.app";
				PRODUCT_NAME = "$(TARGET_NAME)";
				SDKROOT = macosx;
				SUPPORTED_PLATFORMS = macosx;
				SWIFT_EMIT_LOC_STRINGS = YES;
				SWIFT_VERSION = 5.9;
			};
			name = Debug;
		};
		3882F081F4AB4070AF74AE6F = {
			isa = XCBuildConfiguration;
			buildSettings = {
				ASSETS_CATALOG_COMPILER_OPTIMIZATION = space;
				APP_SANDBOX_ENABLED = NO;
				ASSETCATALOG_COMPILER_APPICON_NAME = AppIcon;
				COMBINE_HIDPI_IMAGES = YES;
				CURRENT_PROJECT_VERSION = 1;
				GENERATE_INFOPLIST_FILE = NO;
				INFOPLIST_FILE = Gyrus/Resources/Info.plist;
				LD_RUNPATH_SEARCH_PATHS = "@executable_path/../Frameworks";
				MACOSX_DEPLOYMENT_TARGET = 26.0;
				MARKETING_VERSION = 0.6.0;
				PRODUCT_BUNDLE_IDENTIFIER = "com.gyrus.app";
				PRODUCT_NAME = "$(TARGET_NAME)";
				SDKROOT = macosx;
				SUPPORTED_PLATFORMS = macosx;
				SWIFT_EMIT_LOC_STRINGS = YES;
				SWIFT_VERSION = 5.9;
			};
			name = Release;
		};
		AE6D1D54C80343159E32A5E1 = {
			isa = XCBuildConfiguration;
			buildSettings = {
				ALWAYS_SEARCH_USER_PATHS = NO;
				CLANG_ANALYZER_NONNULL = YES;
				CLANG_CXX_LANGUAGE_STANDARD = "gnu++17";
				CLANG_ENABLE_MODULES = YES;
				CLANG_ENABLE_OBJC_ARC = YES;
				COPY_PHASE_STRIP = NO;
				DEBUG_INFORMATION_FORMAT = dwarf;
				ENABLE_STRICT_OBJC_MSGSEND = YES;
				ENABLE_USER_SCRIPT_SANDBOXING = NO;
				DEAD_CODE_STRIPPING = YES;
				CLANG_ANALYZER_LOCALIZABILITY_NONLOCALIZED = YES;
				ENABLE_TESTABILITY = YES;
				GCC_C_LANGUAGE_STANDARD = gnu11;
				GCC_DYNAMIC_NO_PIC = NO;
				GCC_OPTIMIZATION_LEVEL = 0;
				GCC_PREPROCESSOR_DEFINITIONS = (
					"DEBUG=1",
					"$(inherited)",
				);
				MACOSX_DEPLOYMENT_TARGET = 26.0;
				MTL_ENABLE_DEBUG_INFO = INCLUDE_SOURCE;
				MTL_FAST_MATH = YES;
				ONLY_ACTIVE_ARCH = YES;
				SDKROOT = macosx;
				SWIFT_ACTIVE_COMPILATION_CONDITIONS = DEBUG;
				SWIFT_OPTIMIZATION_LEVEL = "-Onone";
			};
			name = Debug;
		};
		CF94F016AB404E7A9822D1E2 = {
			isa = XCBuildConfiguration;
			buildSettings = {
				ALWAYS_SEARCH_USER_PATHS = NO;
				CLANG_ANALYZER_NONNULL = YES;
				CLANG_CXX_LANGUAGE_STANDARD = "gnu++17";
				CLANG_ENABLE_MODULES = YES;
				CLANG_ENABLE_OBJC_ARC = YES;
				COPY_PHASE_STRIP = NO;
				DEBUG_INFORMATION_FORMAT = "dwarf-with-dsym";
				ENABLE_NS_ASSERTIONS = NO;
				ENABLE_STRICT_OBJC_MSGSEND = YES;
				ENABLE_USER_SCRIPT_SANDBOXING = NO;
				DEAD_CODE_STRIPPING = YES;
				CLANG_ANALYZER_LOCALIZABILITY_NONLOCALIZED = YES;
				GCC_C_LANGUAGE_STANDARD = gnu11;
				GCC_OPTIMIZATION_LEVEL = s;
				MACOSX_DEPLOYMENT_TARGET = 26.0;
				MTL_ENABLE_DEBUG_INFO = NO;
				MTL_FAST_MATH = YES;
				SDKROOT = macosx;
				SWIFT_COMPILATION_MODE = wholemodule;
				SWIFT_OPTIMIZATION_LEVEL = "-O";
			};
			name = Release;
		};
		60AA9093D26241B5A75952BB = {
			isa = XCBuildConfiguration;
			buildSettings = {
				BUNDLE_LOADER = "$(TEST_HOST)";
				GENERATE_INFOPLIST_FILE = YES;
				MACOSX_DEPLOYMENT_TARGET = 26.0;
				PRODUCT_BUNDLE_IDENTIFIER = "com.gyrus.app.tests";
				PRODUCT_NAME = "$(TARGET_NAME)";
				SDKROOT = macosx;
				SWIFT_EMIT_LOC_STRINGS = NO;
				SWIFT_VERSION = 5.9;
				TEST_HOST = "$(BUILT_PRODUCTS_DIR)/Gyrus.app/Contents/MacOS/Gyrus";
			};
			name = Debug;
		};
		C0B05FE417634248AB9B9477 = {
			isa = XCBuildConfiguration;
			buildSettings = {
				BUNDLE_LOADER = "$(TEST_HOST)";
				GENERATE_INFOPLIST_FILE = YES;
				MACOSX_DEPLOYMENT_TARGET = 26.0;
				PRODUCT_BUNDLE_IDENTIFIER = "com.gyrus.app.tests";
				PRODUCT_NAME = "$(TARGET_NAME)";
				SDKROOT = macosx;
				SWIFT_EMIT_LOC_STRINGS = NO;
				SWIFT_VERSION = 5.9;
				TEST_HOST = "$(BUILT_PRODUCTS_DIR)/Gyrus.app/Contents/MacOS/Gyrus";
			};
			name = Release;
		};
/* End XCBuildConfiguration section */

/* Begin XCConfigurationList section */
		EF9E3AFD85F9411B890D4476 = {
			isa = XCConfigurationList;
			buildConfigurations = (
				AE6D1D54C80343159E32A5E1,
				CF94F016AB404E7A9822D1E2,
			);
			defaultConfigurationIsVisible = 0;
			defaultConfigurationName = Release;
		};
		4387C3AA05164D6C8C97EE59 = {
			isa = XCConfigurationList;
			buildConfigurations = (
				2629DDCF20BB4AFA925D2834,
				3882F081F4AB4070AF74AE6F,
			);
			defaultConfigurationIsVisible = 0;
			defaultConfigurationName = Release;
		};
		C03ED6D3A2D4457FBEF17514 = {
			isa = XCConfigurationList;
			buildConfigurations = (
				60AA9093D26241B5A75952BB,
				C0B05FE417634248AB9B9477,
			);
			defaultConfigurationIsVisible = 0;
			defaultConfigurationName = Release;
		};
/* End XCConfigurationList section */
	};
	rootObject = 03130B41CF754CC8A7188FD7;
}
